// !$*UTF8*$!
{
	archiveVersion = 1;
	classes = {
	};
	objectVersion = 56;
	objects = {

/* Begin PBXBuildFile section */
		4F139DF728E5FEC90027EB3A /* CampusApp.swift in Sources */ = {isa = PBXBuildFile; fileRef = 4F139DF628E5FEC90027EB3A /* CampusApp.swift */; };
		4F139DF928E5FEC90027EB3A /* ContentView.swift in Sources */ = {isa = PBXBuildFile; fileRef = 4F139DF828E5FEC90027EB3A /* ContentView.swift */; };
		4F139DFB28E5FECA0027EB3A /* Assets.xcassets in Resources */ = {isa = PBXBuildFile; fileRef = 4F139DFA28E5FECA0027EB3A /* Assets.xcassets */; };
		4F139DFE28E5FECA0027EB3A /* Preview Assets.xcassets in Resources */ = {isa = PBXBuildFile; fileRef = 4F139DFD28E5FECA0027EB3A /* Preview Assets.xcassets */; };
		4F139E0828E5FECA0027EB3A /* CampusTests.swift in Sources */ = {isa = PBXBuildFile; fileRef = 4F139E0728E5FECA0027EB3A /* CampusTests.swift */; };
		4F139E1228E5FECA0027EB3A /* CampusUITests.swift in Sources */ = {isa = PBXBuildFile; fileRef = 4F139E1128E5FECA0027EB3A /* CampusUITests.swift */; };
		4F139E1428E5FECA0027EB3A /* CampusUITestsLaunchTests.swift in Sources */ = {isa = PBXBuildFile; fileRef = 4F139E1328E5FECA0027EB3A /* CampusUITestsLaunchTests.swift */; };
		4F139E5E28E639760027EB3A /* CampusMap.swift in Sources */ = {isa = PBXBuildFile; fileRef = 4F139E5D28E639760027EB3A /* CampusMap.swift */; };
		4F139E6028E63A300027EB3A /* MapManager.swift in Sources */ = {isa = PBXBuildFile; fileRef = 4F139E5F28E63A300027EB3A /* MapManager.swift */; };
		4F139E6428E63A900027EB3A /* CampusModel.swift in Sources */ = {isa = PBXBuildFile; fileRef = 4F139E6328E63A900027EB3A /* CampusModel.swift */; };
		4F139E6628E63B640027EB3A /* Building.swift in Sources */ = {isa = PBXBuildFile; fileRef = 4F139E6528E63B640027EB3A /* Building.swift */; };
		4F139E6F28E640010027EB3A /* buildings.json in Resources */ = {isa = PBXBuildFile; fileRef = 4F139E6E28E640010027EB3A /* buildings.json */; };
		4F139E9228E645260027EB3A /* StorageManager.swift in Sources */ = {isa = PBXBuildFile; fileRef = 4F139E9128E645260027EB3A /* StorageManager.swift */; };
		4F139E9328E645260027EB3A /* FileInfo.swift in Sources */ = {isa = PBXBuildFile; fileRef = 4F139E9028E645260027EB3A /* FileInfo.swift */; };
		4F139E9528E764590027EB3A /* BuildingAnnotation.swift in Sources */ = {isa = PBXBuildFile; fileRef = 4F139E9428E764590027EB3A /* BuildingAnnotation.swift */; };
		4F139E9728E764CC0027EB3A /* Building+MapKit.swift in Sources */ = {isa = PBXBuildFile; fileRef = 4F139E9628E764CC0027EB3A /* Building+MapKit.swift */; };
		4F139E9928E7811E0027EB3A /* FavoritedBuilding.swift in Sources */ = {isa = PBXBuildFile; fileRef = 4F139E9828E7811E0027EB3A /* FavoritedBuilding.swift */; };
		4F139E9B28E78EB00027EB3A /* DetailView.swift in Sources */ = {isa = PBXBuildFile; fileRef = 4F139E9A28E78EB00027EB3A /* DetailView.swift */; };
		4F139E9E28E78FFC0027EB3A /* FavoriteButton.swift in Sources */ = {isa = PBXBuildFile; fileRef = 4F139E9D28E78FFC0027EB3A /* FavoriteButton.swift */; };
		4F139EA028EA71F70027EB3A /* BuildingMenu.swift in Sources */ = {isa = PBXBuildFile; fileRef = 4F139E9F28EA71F70027EB3A /* BuildingMenu.swift */; };
		4F139EA228EB67970027EB3A /* ToolbarButtons.swift in Sources */ = {isa = PBXBuildFile; fileRef = 4F139EA128EB67970027EB3A /* ToolbarButtons.swift */; };
		4F139EA428EBB2420027EB3A /* ExitSheetButton.swift in Sources */ = {isa = PBXBuildFile; fileRef = 4F139EA328EBB2420027EB3A /* ExitSheetButton.swift */; };
		4FA553D428FA19BC001AA5BB /* UICampusMap.swift in Sources */ = {isa = PBXBuildFile; fileRef = 4FA553D328FA19BC001AA5BB /* UICampusMap.swift */; };
		4FA553D628FA1B12001AA5BB /* MapCoordinator.swift in Sources */ = {isa = PBXBuildFile; fileRef = 4FA553D528FA1B12001AA5BB /* MapCoordinator.swift */; };
		4FA553D828FA1E1A001AA5BB /* FavoritedAnnotation.swift in Sources */ = {isa = PBXBuildFile; fileRef = 4FA553D728FA1E1A001AA5BB /* FavoritedAnnotation.swift */; };
		4FA553DD28FDFA5F001AA5BB /* RouteButton.swift in Sources */ = {isa = PBXBuildFile; fileRef = 4FA553DC28FDFA5F001AA5BB /* RouteButton.swift */; };
		4FA553E028FE007A001AA5BB /* RouteStepsView.swift in Sources */ = {isa = PBXBuildFile; fileRef = 4FA553DF28FE007A001AA5BB /* RouteStepsView.swift */; };
		4FA553E228FE0730001AA5BB /* RouteInfo.swift in Sources */ = {isa = PBXBuildFile; fileRef = 4FA553E128FE0730001AA5BB /* RouteInfo.swift */; };
		4FA553E828FE2A4D001AA5BB /* ListFilterButtons.swift in Sources */ = {isa = PBXBuildFile; fileRef = 4FA553E728FE2A4D001AA5BB /* ListFilterButtons.swift */; };
		4FBA4F8628F4A48C00E4863C /* QuickActionButtons.swift in Sources */ = {isa = PBXBuildFile; fileRef = 4FBA4F8528F4A48C00E4863C /* QuickActionButtons.swift */; };
		4FBA4F8828F4A7EB00E4863C /* ManagerIntents.swift in Sources */ = {isa = PBXBuildFile; fileRef = 4FBA4F8728F4A7EB00E4863C /* ManagerIntents.swift */; };
		4FBA4F8A28F4BF5900E4863C /* ManagerFunctions.swift in Sources */ = {isa = PBXBuildFile; fileRef = 4FBA4F8928F4BF5900E4863C /* ManagerFunctions.swift */; };
		4FBA4F9228F4CEA600E4863C /* Manager+Location.swift in Sources */ = {isa = PBXBuildFile; fileRef = 4FBA4F9128F4CEA600E4863C /* Manager+Location.swift */; };
		4FBA4F9828F4F86200E4863C /* ManagerDirections.swift in Sources */ = {isa = PBXBuildFile; fileRef = 4FBA4F9728F4F86200E4863C /* ManagerDirections.swift */; };
/* End PBXBuildFile section */

/* Begin PBXContainerItemProxy section */
		4F139E0428E5FECA0027EB3A /* PBXContainerItemProxy */ = {
			isa = PBXContainerItemProxy;
			containerPortal = 4F139DEB28E5FEC90027EB3A /* Project object */;
			proxyType = 1;
			remoteGlobalIDString = 4F139DF228E5FEC90027EB3A;
			remoteInfo = Campus;
		};
		4F139E0E28E5FECA0027EB3A /* PBXContainerItemProxy */ = {
			isa = PBXContainerItemProxy;
			containerPortal = 4F139DEB28E5FEC90027EB3A /* Project object */;
			proxyType = 1;
			remoteGlobalIDString = 4F139DF228E5FEC90027EB3A;
			remoteInfo = Campus;
		};
/* End PBXContainerItemProxy section */

/* Begin PBXFileReference section */
		4F139DF328E5FEC90027EB3A /* Campus.app */ = {isa = PBXFileReference; explicitFileType = wrapper.application; includeInIndex = 0; path = Campus.app; sourceTree = BUILT_PRODUCTS_DIR; };
		4F139DF628E5FEC90027EB3A /* CampusApp.swift */ = {isa = PBXFileReference; lastKnownFileType = sourcecode.swift; path = CampusApp.swift; sourceTree = "<group>"; };
		4F139DF828E5FEC90027EB3A /* ContentView.swift */ = {isa = PBXFileReference; lastKnownFileType = sourcecode.swift; path = ContentView.swift; sourceTree = "<group>"; };
		4F139DFA28E5FECA0027EB3A /* Assets.xcassets */ = {isa = PBXFileReference; lastKnownFileType = folder.assetcatalog; path = Assets.xcassets; sourceTree = "<group>"; };
		4F139DFD28E5FECA0027EB3A /* Preview Assets.xcassets */ = {isa = PBXFileReference; lastKnownFileType = folder.assetcatalog; path = "Preview Assets.xcassets"; sourceTree = "<group>"; };
		4F139E0328E5FECA0027EB3A /* CampusTests.xctest */ = {isa = PBXFileReference; explicitFileType = wrapper.cfbundle; includeInIndex = 0; path = CampusTests.xctest; sourceTree = BUILT_PRODUCTS_DIR; };
		4F139E0728E5FECA0027EB3A /* CampusTests.swift */ = {isa = PBXFileReference; lastKnownFileType = sourcecode.swift; path = CampusTests.swift; sourceTree = "<group>"; };
		4F139E0D28E5FECA0027EB3A /* CampusUITests.xctest */ = {isa = PBXFileReference; explicitFileType = wrapper.cfbundle; includeInIndex = 0; path = CampusUITests.xctest; sourceTree = BUILT_PRODUCTS_DIR; };
		4F139E1128E5FECA0027EB3A /* CampusUITests.swift */ = {isa = PBXFileReference; lastKnownFileType = sourcecode.swift; path = CampusUITests.swift; sourceTree = "<group>"; };
		4F139E1328E5FECA0027EB3A /* CampusUITestsLaunchTests.swift */ = {isa = PBXFileReference; lastKnownFileType = sourcecode.swift; path = CampusUITestsLaunchTests.swift; sourceTree = "<group>"; };
		4F139E5D28E639760027EB3A /* CampusMap.swift */ = {isa = PBXFileReference; lastKnownFileType = sourcecode.swift; path = CampusMap.swift; sourceTree = "<group>"; };
		4F139E5F28E63A300027EB3A /* MapManager.swift */ = {isa = PBXFileReference; lastKnownFileType = sourcecode.swift; path = MapManager.swift; sourceTree = "<group>"; };
		4F139E6328E63A900027EB3A /* CampusModel.swift */ = {isa = PBXFileReference; lastKnownFileType = sourcecode.swift; path = CampusModel.swift; sourceTree = "<group>"; };
		4F139E6528E63B640027EB3A /* Building.swift */ = {isa = PBXFileReference; lastKnownFileType = sourcecode.swift; path = Building.swift; sourceTree = "<group>"; };
		4F139E6E28E640010027EB3A /* buildings.json */ = {isa = PBXFileReference; fileEncoding = 4; lastKnownFileType = text.json; path = buildings.json; sourceTree = "<group>"; };
		4F139E9028E645260027EB3A /* FileInfo.swift */ = {isa = PBXFileReference; lastKnownFileType = sourcecode.swift; path = FileInfo.swift; sourceTree = "<group>"; };
		4F139E9128E645260027EB3A /* StorageManager.swift */ = {isa = PBXFileReference; lastKnownFileType = sourcecode.swift; path = StorageManager.swift; sourceTree = "<group>"; };
		4F139E9428E764590027EB3A /* BuildingAnnotation.swift */ = {isa = PBXFileReference; lastKnownFileType = sourcecode.swift; path = BuildingAnnotation.swift; sourceTree = "<group>"; };
		4F139E9628E764CC0027EB3A /* Building+MapKit.swift */ = {isa = PBXFileReference; lastKnownFileType = sourcecode.swift; path = "Building+MapKit.swift"; sourceTree = "<group>"; };
		4F139E9828E7811E0027EB3A /* FavoritedBuilding.swift */ = {isa = PBXFileReference; lastKnownFileType = sourcecode.swift; path = FavoritedBuilding.swift; sourceTree = "<group>"; };
		4F139E9A28E78EB00027EB3A /* DetailView.swift */ = {isa = PBXFileReference; lastKnownFileType = sourcecode.swift; path = DetailView.swift; sourceTree = "<group>"; };
		4F139E9D28E78FFC0027EB3A /* FavoriteButton.swift */ = {isa = PBXFileReference; lastKnownFileType = sourcecode.swift; path = FavoriteButton.swift; sourceTree = "<group>"; };
		4F139E9F28EA71F70027EB3A /* BuildingMenu.swift */ = {isa = PBXFileReference; lastKnownFileType = sourcecode.swift; path = BuildingMenu.swift; sourceTree = "<group>"; };
		4F139EA128EB67970027EB3A /* ToolbarButtons.swift */ = {isa = PBXFileReference; lastKnownFileType = sourcecode.swift; path = ToolbarButtons.swift; sourceTree = "<group>"; };
		4F139EA328EBB2420027EB3A /* ExitSheetButton.swift */ = {isa = PBXFileReference; lastKnownFileType = sourcecode.swift; path = ExitSheetButton.swift; sourceTree = "<group>"; };
		4FA553D328FA19BC001AA5BB /* UICampusMap.swift */ = {isa = PBXFileReference; lastKnownFileType = sourcecode.swift; path = UICampusMap.swift; sourceTree = "<group>"; };
		4FA553D528FA1B12001AA5BB /* MapCoordinator.swift */ = {isa = PBXFileReference; lastKnownFileType = sourcecode.swift; path = MapCoordinator.swift; sourceTree = "<group>"; };
		4FA553D728FA1E1A001AA5BB /* FavoritedAnnotation.swift */ = {isa = PBXFileReference; lastKnownFileType = sourcecode.swift; path = FavoritedAnnotation.swift; sourceTree = "<group>"; };
		4FA553DA28FDE0D2001AA5BB /* SCWalk.gpx */ = {isa = PBXFileReference; lastKnownFileType = text.xml; path = SCWalk.gpx; sourceTree = "<group>"; };
		4FA553DB28FDE0DF001AA5BB /* W209Westgate.gpx */ = {isa = PBXFileReference; lastKnownFileType = text.xml; path = W209Westgate.gpx; sourceTree = "<group>"; };
		4FA553DC28FDFA5F001AA5BB /* RouteButton.swift */ = {isa = PBXFileReference; lastKnownFileType = sourcecode.swift; path = RouteButton.swift; sourceTree = "<group>"; };
		4FA553DF28FE007A001AA5BB /* RouteStepsView.swift */ = {isa = PBXFileReference; lastKnownFileType = sourcecode.swift; path = RouteStepsView.swift; sourceTree = "<group>"; };
		4FA553E128FE0730001AA5BB /* RouteInfo.swift */ = {isa = PBXFileReference; lastKnownFileType = sourcecode.swift; path = RouteInfo.swift; sourceTree = "<group>"; };
		4FA553E728FE2A4D001AA5BB /* ListFilterButtons.swift */ = {isa = PBXFileReference; lastKnownFileType = sourcecode.swift; path = ListFilterButtons.swift; sourceTree = "<group>"; };
		4FBA4F8528F4A48C00E4863C /* QuickActionButtons.swift */ = {isa = PBXFileReference; lastKnownFileType = sourcecode.swift; path = QuickActionButtons.swift; sourceTree = "<group>"; };
		4FBA4F8728F4A7EB00E4863C /* ManagerIntents.swift */ = {isa = PBXFileReference; lastKnownFileType = sourcecode.swift; path = ManagerIntents.swift; sourceTree = "<group>"; };
		4FBA4F8928F4BF5900E4863C /* ManagerFunctions.swift */ = {isa = PBXFileReference; lastKnownFileType = sourcecode.swift; path = ManagerFunctions.swift; sourceTree = "<group>"; };
		4FBA4F9128F4CEA600E4863C /* Manager+Location.swift */ = {isa = PBXFileReference; lastKnownFileType = sourcecode.swift; path = "Manager+Location.swift"; sourceTree = "<group>"; };
		4FBA4F9728F4F86200E4863C /* ManagerDirections.swift */ = {isa = PBXFileReference; lastKnownFileType = sourcecode.swift; path = ManagerDirections.swift; sourceTree = "<group>"; };
/* End PBXFileReference section */

/* Begin PBXFrameworksBuildPhase section */
		4F139DF028E5FEC90027EB3A /* Frameworks */ = {
			isa = PBXFrameworksBuildPhase;
			buildActionMask = 2147483647;
			files = (
			);
			runOnlyForDeploymentPostprocessing = 0;
		};
		4F139E0028E5FECA0027EB3A /* Frameworks */ = {
			isa = PBXFrameworksBuildPhase;
			buildActionMask = 2147483647;
			files = (
			);
			runOnlyForDeploymentPostprocessing = 0;
		};
		4F139E0A28E5FECA0027EB3A /* Frameworks */ = {
			isa = PBXFrameworksBuildPhase;
			buildActionMask = 2147483647;
			files = (
			);
			runOnlyForDeploymentPostprocessing = 0;
		};
/* End PBXFrameworksBuildPhase section */

/* Begin PBXGroup section */
		4F139DEA28E5FEC90027EB3A = {
			isa = PBXGroup;
			children = (
				4F139DF528E5FEC90027EB3A /* Campus */,
				4F139E0628E5FECA0027EB3A /* CampusTests */,
				4F139E1028E5FECA0027EB3A /* CampusUITests */,
				4F139DF428E5FEC90027EB3A /* Products */,
			);
			sourceTree = "<group>";
		};
		4F139DF428E5FEC90027EB3A /* Products */ = {
			isa = PBXGroup;
			children = (
				4F139DF328E5FEC90027EB3A /* Campus.app */,
				4F139E0328E5FECA0027EB3A /* CampusTests.xctest */,
				4F139E0D28E5FECA0027EB3A /* CampusUITests.xctest */,
			);
			name = Products;
			sourceTree = "<group>";
		};
		4F139DF528E5FEC90027EB3A /* Campus */ = {
			isa = PBXGroup;
			children = (
				4F139DF628E5FEC90027EB3A /* CampusApp.swift */,
				4F139E2228E5FF0E0027EB3A /* Views */,
				4F139E2128E5FF080027EB3A /* ViewModels */,
				4F139E2028E5FEFB0027EB3A /* Models */,
				4F139E8F28E645260027EB3A /* Storage */,
				4F139DFA28E5FECA0027EB3A /* Assets.xcassets */,
				4F139DFC28E5FECA0027EB3A /* Preview Content */,
			);
			path = Campus;
			sourceTree = "<group>";
		};
		4F139DFC28E5FECA0027EB3A /* Preview Content */ = {
			isa = PBXGroup;
			children = (
				4F139DFD28E5FECA0027EB3A /* Preview Assets.xcassets */,
			);
			path = "Preview Content";
			sourceTree = "<group>";
		};
		4F139E0628E5FECA0027EB3A /* CampusTests */ = {
			isa = PBXGroup;
			children = (
				4F139E0728E5FECA0027EB3A /* CampusTests.swift */,
			);
			path = CampusTests;
			sourceTree = "<group>";
		};
		4F139E1028E5FECA0027EB3A /* CampusUITests */ = {
			isa = PBXGroup;
			children = (
				4F139E1128E5FECA0027EB3A /* CampusUITests.swift */,
				4F139E1328E5FECA0027EB3A /* CampusUITestsLaunchTests.swift */,
			);
			path = CampusUITests;
			sourceTree = "<group>";
		};
		4F139E2028E5FEFB0027EB3A /* Models */ = {
			isa = PBXGroup;
			children = (
				4F139E6E28E640010027EB3A /* buildings.json */,
				4F139E6328E63A900027EB3A /* CampusModel.swift */,
				4F139E6528E63B640027EB3A /* Building.swift */,
				4F139E9628E764CC0027EB3A /* Building+MapKit.swift */,
				4F139E9828E7811E0027EB3A /* FavoritedBuilding.swift */,
				4FA553DA28FDE0D2001AA5BB /* SCWalk.gpx */,
				4FA553DB28FDE0DF001AA5BB /* W209Westgate.gpx */,
			);
			path = Models;
			sourceTree = "<group>";
		};
		4F139E2128E5FF080027EB3A /* ViewModels */ = {
			isa = PBXGroup;
			children = (
				4F139E5F28E63A300027EB3A /* MapManager.swift */,
				4FA553D928FDD5B0001AA5BB /* ManagerExtentions */,
				4F139E9428E764590027EB3A /* BuildingAnnotation.swift */,
				4FA553D728FA1E1A001AA5BB /* FavoritedAnnotation.swift */,
			);
			path = ViewModels;
			sourceTree = "<group>";
		};
		4F139E2228E5FF0E0027EB3A /* Views */ = {
			isa = PBXGroup;
			children = (
				4F139DF828E5FEC90027EB3A /* ContentView.swift */,
				4FA553D228FA194D001AA5BB /* UIMap */,
				4F139E9C28E78FEB0027EB3A /* Buttons */,
				4F139E5D28E639760027EB3A /* CampusMap.swift */,
				4F139E9A28E78EB00027EB3A /* DetailView.swift */,
				4F139E9F28EA71F70027EB3A /* BuildingMenu.swift */,
				4FA553DF28FE007A001AA5BB /* RouteStepsView.swift */,
				4FA553E128FE0730001AA5BB /* RouteInfo.swift */,
			);
			path = Views;
			sourceTree = "<group>";
		};
		4F139E8F28E645260027EB3A /* Storage */ = {
			isa = PBXGroup;
			children = (
				4F139E9128E645260027EB3A /* StorageManager.swift */,
				4F139E9028E645260027EB3A /* FileInfo.swift */,
			);
			path = Storage;
			sourceTree = "<group>";
		};
		4F139E9C28E78FEB0027EB3A /* Buttons */ = {
			isa = PBXGroup;
			children = (
				4F139E9D28E78FFC0027EB3A /* FavoriteButton.swift */,
				4F139EA128EB67970027EB3A /* ToolbarButtons.swift */,
				4F139EA328EBB2420027EB3A /* ExitSheetButton.swift */,
				4FBA4F8528F4A48C00E4863C /* QuickActionButtons.swift */,
				4FA553DC28FDFA5F001AA5BB /* RouteButton.swift */,
				4FA553E728FE2A4D001AA5BB /* ListFilterButtons.swift */,
			);
			path = Buttons;
			sourceTree = "<group>";
		};
		4FA553D228FA194D001AA5BB /* UIMap */ = {
			isa = PBXGroup;
			children = (
				4FA553D328FA19BC001AA5BB /* UICampusMap.swift */,
				4FA553D528FA1B12001AA5BB /* MapCoordinator.swift */,
			);
			path = UIMap;
			sourceTree = "<group>";
		};
		4FA553D928FDD5B0001AA5BB /* ManagerExtentions */ = {
			isa = PBXGroup;
			children = (
				4FBA4F8928F4BF5900E4863C /* ManagerFunctions.swift */,
				4FBA4F8728F4A7EB00E4863C /* ManagerIntents.swift */,
				4FBA4F9128F4CEA600E4863C /* Manager+Location.swift */,
				4FBA4F9728F4F86200E4863C /* ManagerDirections.swift */,
			);
			path = ManagerExtentions;
			sourceTree = "<group>";
		};
/* End PBXGroup section */

/* Begin PBXNativeTarget section */
		4F139DF228E5FEC90027EB3A /* Campus */ = {
			isa = PBXNativeTarget;
			buildConfigurationList = 4F139E1728E5FECA0027EB3A /* Build configuration list for PBXNativeTarget "Campus" */;
			buildPhases = (
				4F139DEF28E5FEC90027EB3A /* Sources */,
				4F139DF028E5FEC90027EB3A /* Frameworks */,
				4F139DF128E5FEC90027EB3A /* Resources */,
			);
			buildRules = (
			);
			dependencies = (
			);
			name = Campus;
			productName = Campus;
			productReference = 4F139DF328E5FEC90027EB3A /* Campus.app */;
			productType = "com.apple.product-type.application";
		};
		4F139E0228E5FECA0027EB3A /* CampusTests */ = {
			isa = PBXNativeTarget;
			buildConfigurationList = 4F139E1A28E5FECA0027EB3A /* Build configuration list for PBXNativeTarget "CampusTests" */;
			buildPhases = (
				4F139DFF28E5FECA0027EB3A /* Sources */,
				4F139E0028E5FECA0027EB3A /* Frameworks */,
				4F139E0128E5FECA0027EB3A /* Resources */,
			);
			buildRules = (
			);
			dependencies = (
				4F139E0528E5FECA0027EB3A /* PBXTargetDependency */,
			);
			name = CampusTests;
			productName = CampusTests;
			productReference = 4F139E0328E5FECA0027EB3A /* CampusTests.xctest */;
			productType = "com.apple.product-type.bundle.unit-test";
		};
		4F139E0C28E5FECA0027EB3A /* CampusUITests */ = {
			isa = PBXNativeTarget;
			buildConfigurationList = 4F139E1D28E5FECA0027EB3A /* Build configuration list for PBXNativeTarget "CampusUITests" */;
			buildPhases = (
				4F139E0928E5FECA0027EB3A /* Sources */,
				4F139E0A28E5FECA0027EB3A /* Frameworks */,
				4F139E0B28E5FECA0027EB3A /* Resources */,
			);
			buildRules = (
			);
			dependencies = (
				4F139E0F28E5FECA0027EB3A /* PBXTargetDependency */,
			);
			name = CampusUITests;
			productName = CampusUITests;
			productReference = 4F139E0D28E5FECA0027EB3A /* CampusUITests.xctest */;
			productType = "com.apple.product-type.bundle.ui-testing";
		};
/* End PBXNativeTarget section */

/* Begin PBXProject section */
		4F139DEB28E5FEC90027EB3A /* Project object */ = {
			isa = PBXProject;
			attributes = {
				BuildIndependentTargetsInParallel = 1;
				LastSwiftUpdateCheck = 1400;
				LastUpgradeCheck = 1400;
				TargetAttributes = {
					4F139DF228E5FEC90027EB3A = {
						CreatedOnToolsVersion = 14.0.1;
					};
					4F139E0228E5FECA0027EB3A = {
						CreatedOnToolsVersion = 14.0.1;
						TestTargetID = 4F139DF228E5FEC90027EB3A;
					};
					4F139E0C28E5FECA0027EB3A = {
						CreatedOnToolsVersion = 14.0.1;
						TestTargetID = 4F139DF228E5FEC90027EB3A;
					};
				};
			};
			buildConfigurationList = 4F139DEE28E5FEC90027EB3A /* Build configuration list for PBXProject "Campus" */;
			compatibilityVersion = "Xcode 14.0";
			developmentRegion = en;
			hasScannedForEncodings = 0;
			knownRegions = (
				en,
				Base,
			);
			mainGroup = 4F139DEA28E5FEC90027EB3A;
			productRefGroup = 4F139DF428E5FEC90027EB3A /* Products */;
			projectDirPath = "";
			projectRoot = "";
			targets = (
				4F139DF228E5FEC90027EB3A /* Campus */,
				4F139E0228E5FECA0027EB3A /* CampusTests */,
				4F139E0C28E5FECA0027EB3A /* CampusUITests */,
			);
		};
/* End PBXProject section */

/* Begin PBXResourcesBuildPhase section */
		4F139DF128E5FEC90027EB3A /* Resources */ = {
			isa = PBXResourcesBuildPhase;
			buildActionMask = 2147483647;
			files = (
				4F139DFE28E5FECA0027EB3A /* Preview Assets.xcassets in Resources */,
				4F139E6F28E640010027EB3A /* buildings.json in Resources */,
				4F139DFB28E5FECA0027EB3A /* Assets.xcassets in Resources */,
			);
			runOnlyForDeploymentPostprocessing = 0;
		};
		4F139E0128E5FECA0027EB3A /* Resources */ = {
			isa = PBXResourcesBuildPhase;
			buildActionMask = 2147483647;
			files = (
			);
			runOnlyForDeploymentPostprocessing = 0;
		};
		4F139E0B28E5FECA0027EB3A /* Resources */ = {
			isa = PBXResourcesBuildPhase;
			buildActionMask = 2147483647;
			files = (
			);
			runOnlyForDeploymentPostprocessing = 0;
		};
/* End PBXResourcesBuildPhase section */

/* Begin PBXSourcesBuildPhase section */
		4F139DEF28E5FEC90027EB3A /* Sources */ = {
			isa = PBXSourcesBuildPhase;
			buildActionMask = 2147483647;
			files = (
				4F139E9528E764590027EB3A /* BuildingAnnotation.swift in Sources */,
				4F139E9B28E78EB00027EB3A /* DetailView.swift in Sources */,
				4FBA4F9828F4F86200E4863C /* ManagerDirections.swift in Sources */,
				4F139E6028E63A300027EB3A /* MapManager.swift in Sources */,
				4FA553E228FE0730001AA5BB /* RouteInfo.swift in Sources */,
				4F139E6628E63B640027EB3A /* Building.swift in Sources */,
				4F139E9928E7811E0027EB3A /* FavoritedBuilding.swift in Sources */,
				4F139E9728E764CC0027EB3A /* Building+MapKit.swift in Sources */,
				4F139E9228E645260027EB3A /* StorageManager.swift in Sources */,
				4F139E5E28E639760027EB3A /* CampusMap.swift in Sources */,
				4FA553D628FA1B12001AA5BB /* MapCoordinator.swift in Sources */,
				4F139EA228EB67970027EB3A /* ToolbarButtons.swift in Sources */,
				4F139DF928E5FEC90027EB3A /* ContentView.swift in Sources */,
				4FBA4F8628F4A48C00E4863C /* QuickActionButtons.swift in Sources */,
				4F139E6428E63A900027EB3A /* CampusModel.swift in Sources */,
				4FA553D828FA1E1A001AA5BB /* FavoritedAnnotation.swift in Sources */,
				4F139EA028EA71F70027EB3A /* BuildingMenu.swift in Sources */,
				4FA553E028FE007A001AA5BB /* RouteStepsView.swift in Sources */,
				4FBA4F9228F4CEA600E4863C /* Manager+Location.swift in Sources */,
				4FA553DD28FDFA5F001AA5BB /* RouteButton.swift in Sources */,
				4FA553D428FA19BC001AA5BB /* UICampusMap.swift in Sources */,
				4F139E9328E645260027EB3A /* FileInfo.swift in Sources */,
				4F139DF728E5FEC90027EB3A /* CampusApp.swift in Sources */,
				4FA553E828FE2A4D001AA5BB /* ListFilterButtons.swift in Sources */,
				4FBA4F8828F4A7EB00E4863C /* ManagerIntents.swift in Sources */,
				4F139E9E28E78FFC0027EB3A /* FavoriteButton.swift in Sources */,
				4FBA4F8A28F4BF5900E4863C /* ManagerFunctions.swift in Sources */,
				4F139EA428EBB2420027EB3A /* ExitSheetButton.swift in Sources */,
			);
			runOnlyForDeploymentPostprocessing = 0;
		};
		4F139DFF28E5FECA0027EB3A /* Sources */ = {
			isa = PBXSourcesBuildPhase;
			buildActionMask = 2147483647;
			files = (
				4F139E0828E5FECA0027EB3A /* CampusTests.swift in Sources */,
			);
			runOnlyForDeploymentPostprocessing = 0;
		};
		4F139E0928E5FECA0027EB3A /* Sources */ = {
			isa = PBXSourcesBuildPhase;
			buildActionMask = 2147483647;
			files = (
				4F139E1228E5FECA0027EB3A /* CampusUITests.swift in Sources */,
				4F139E1428E5FECA0027EB3A /* CampusUITestsLaunchTests.swift in Sources */,
			);
			runOnlyForDeploymentPostprocessing = 0;
		};
/* End PBXSourcesBuildPhase section */

/* Begin PBXTargetDependency section */
		4F139E0528E5FECA0027EB3A /* PBXTargetDependency */ = {
			isa = PBXTargetDependency;
			target = 4F139DF228E5FEC90027EB3A /* Campus */;
			targetProxy = 4F139E0428E5FECA0027EB3A /* PBXContainerItemProxy */;
		};
		4F139E0F28E5FECA0027EB3A /* PBXTargetDependency */ = {
			isa = PBXTargetDependency;
			target = 4F139DF228E5FEC90027EB3A /* Campus */;
			targetProxy = 4F139E0E28E5FECA0027EB3A /* PBXContainerItemProxy */;
		};
/* End PBXTargetDependency section */

/* Begin XCBuildConfiguration section */
		4F139E1528E5FECA0027EB3A /* Debug */ = {
			isa = XCBuildConfiguration;
			buildSettings = {
				ALWAYS_SEARCH_USER_PATHS = NO;
				CLANG_ANALYZER_NONNULL = YES;
				CLANG_ANALYZER_NUMBER_OBJECT_CONVERSION = YES_AGGRESSIVE;
				CLANG_CXX_LANGUAGE_STANDARD = "gnu++20";
				CLANG_ENABLE_MODULES = YES;
				CLANG_ENABLE_OBJC_ARC = YES;
				CLANG_ENABLE_OBJC_WEAK = YES;
				CLANG_WARN_BLOCK_CAPTURE_AUTORELEASING = YES;
				CLANG_WARN_BOOL_CONVERSION = YES;
				CLANG_WARN_COMMA = YES;
				CLANG_WARN_CONSTANT_CONVERSION = YES;
				CLANG_WARN_DEPRECATED_OBJC_IMPLEMENTATIONS = YES;
				CLANG_WARN_DIRECT_OBJC_ISA_USAGE = YES_ERROR;
				CLANG_WARN_DOCUMENTATION_COMMENTS = YES;
				CLANG_WARN_EMPTY_BODY = YES;
				CLANG_WARN_ENUM_CONVERSION = YES;
				CLANG_WARN_INFINITE_RECURSION = YES;
				CLANG_WARN_INT_CONVERSION = YES;
				CLANG_WARN_NON_LITERAL_NULL_CONVERSION = YES;
				CLANG_WARN_OBJC_IMPLICIT_RETAIN_SELF = YES;
				CLANG_WARN_OBJC_LITERAL_CONVERSION = YES;
				CLANG_WARN_OBJC_ROOT_CLASS = YES_ERROR;
				CLANG_WARN_QUOTED_INCLUDE_IN_FRAMEWORK_HEADER = YES;
				CLANG_WARN_RANGE_LOOP_ANALYSIS = YES;
				CLANG_WARN_STRICT_PROTOTYPES = YES;
				CLANG_WARN_SUSPICIOUS_MOVE = YES;
				CLANG_WARN_UNGUARDED_AVAILABILITY = YES_AGGRESSIVE;
				CLANG_WARN_UNREACHABLE_CODE = YES;
				CLANG_WARN__DUPLICATE_METHOD_MATCH = YES;
				COPY_PHASE_STRIP = NO;
				DEBUG_INFORMATION_FORMAT = dwarf;
				ENABLE_STRICT_OBJC_MSGSEND = YES;
				ENABLE_TESTABILITY = YES;
				GCC_C_LANGUAGE_STANDARD = gnu11;
				GCC_DYNAMIC_NO_PIC = NO;
				GCC_NO_COMMON_BLOCKS = YES;
				GCC_OPTIMIZATION_LEVEL = 0;
				GCC_PREPROCESSOR_DEFINITIONS = (
					"DEBUG=1",
					"$(inherited)",
				);
				GCC_WARN_64_TO_32_BIT_CONVERSION = YES;
				GCC_WARN_ABOUT_RETURN_TYPE = YES_ERROR;
				GCC_WARN_UNDECLARED_SELECTOR = YES;
				GCC_WARN_UNINITIALIZED_AUTOS = YES_AGGRESSIVE;
				GCC_WARN_UNUSED_FUNCTION = YES;
				GCC_WARN_UNUSED_VARIABLE = YES;
				IPHONEOS_DEPLOYMENT_TARGET = 16.0;
				MTL_ENABLE_DEBUG_INFO = INCLUDE_SOURCE;
				MTL_FAST_MATH = YES;
				ONLY_ACTIVE_ARCH = YES;
				SDKROOT = iphoneos;
				SWIFT_ACTIVE_COMPILATION_CONDITIONS = DEBUG;
				SWIFT_OPTIMIZATION_LEVEL = "-Onone";
			};
			name = Debug;
		};
		4F139E1628E5FECA0027EB3A /* Release */ = {
			isa = XCBuildConfiguration;
			buildSettings = {
				ALWAYS_SEARCH_USER_PATHS = NO;
				CLANG_ANALYZER_NONNULL = YES;
				CLANG_ANALYZER_NUMBER_OBJECT_CONVERSION = YES_AGGRESSIVE;
				CLANG_CXX_LANGUAGE_STANDARD = "gnu++20";
				CLANG_ENABLE_MODULES = YES;
				CLANG_ENABLE_OBJC_ARC = YES;
				CLANG_ENABLE_OBJC_WEAK = YES;
				CLANG_WARN_BLOCK_CAPTURE_AUTORELEASING = YES;
				CLANG_WARN_BOOL_CONVERSION = YES;
				CLANG_WARN_COMMA = YES;
				CLANG_WARN_CONSTANT_CONVERSION = YES;
				CLANG_WARN_DEPRECATED_OBJC_IMPLEMENTATIONS = YES;
				CLANG_WARN_DIRECT_OBJC_ISA_USAGE = YES_ERROR;
				CLANG_WARN_DOCUMENTATION_COMMENTS = YES;
				CLANG_WARN_EMPTY_BODY = YES;
				CLANG_WARN_ENUM_CONVERSION = YES;
				CLANG_WARN_INFINITE_RECURSION = YES;
				CLANG_WARN_INT_CONVERSION = YES;
				CLANG_WARN_NON_LITERAL_NULL_CONVERSION = YES;
				CLANG_WARN_OBJC_IMPLICIT_RETAIN_SELF = YES;
				CLANG_WARN_OBJC_LITERAL_CONVERSION = YES;
				CLANG_WARN_OBJC_ROOT_CLASS = YES_ERROR;
				CLANG_WARN_QUOTED_INCLUDE_IN_FRAMEWORK_HEADER = YES;
				CLANG_WARN_RANGE_LOOP_ANALYSIS = YES;
				CLANG_WARN_STRICT_PROTOTYPES = YES;
				CLANG_WARN_SUSPICIOUS_MOVE = YES;
				CLANG_WARN_UNGUARDED_AVAILABILITY = YES_AGGRESSIVE;
				CLANG_WARN_UNREACHABLE_CODE = YES;
				CLANG_WARN__DUPLICATE_METHOD_MATCH = YES;
				COPY_PHASE_STRIP = NO;
				DEBUG_INFORMATION_FORMAT = "dwarf-with-dsym";
				ENABLE_NS_ASSERTIONS = NO;
				ENABLE_STRICT_OBJC_MSGSEND = YES;
				GCC_C_LANGUAGE_STANDARD = gnu11;
				GCC_NO_COMMON_BLOCKS = YES;
				GCC_WARN_64_TO_32_BIT_CONVERSION = YES;
				GCC_WARN_ABOUT_RETURN_TYPE = YES_ERROR;
				GCC_WARN_UNDECLARED_SELECTOR = YES;
				GCC_WARN_UNINITIALIZED_AUTOS = YES_AGGRESSIVE;
				GCC_WARN_UNUSED_FUNCTION = YES;
				GCC_WARN_UNUSED_VARIABLE = YES;
				IPHONEOS_DEPLOYMENT_TARGET = 16.0;
				MTL_ENABLE_DEBUG_INFO = NO;
				MTL_FAST_MATH = YES;
				SDKROOT = iphoneos;
				SWIFT_COMPILATION_MODE = wholemodule;
				SWIFT_OPTIMIZATION_LEVEL = "-O";
				VALIDATE_PRODUCT = YES;
			};
			name = Release;
		};
		4F139E1828E5FECA0027EB3A /* Debug */ = {
			isa = XCBuildConfiguration;
			buildSettings = {
				ASSETCATALOG_COMPILER_APPICON_NAME = AppIcon;
				ASSETCATALOG_COMPILER_GLOBAL_ACCENT_COLOR_NAME = AccentColor;
				CODE_SIGN_STYLE = Automatic;
				CURRENT_PROJECT_VERSION = 1;
				DEVELOPMENT_ASSET_PATHS = "\"Campus/Preview Content\"";
				DEVELOPMENT_TEAM = Q9B7SPU3TM;
				ENABLE_PREVIEWS = YES;
				GENERATE_INFOPLIST_FILE = YES;
				INFOPLIST_KEY_NSLocationWhenInUseUsageDescription = "Campus uses your location to help you find your way around your campus.";
				INFOPLIST_KEY_UIApplicationSceneManifest_Generation = YES;
				INFOPLIST_KEY_UIApplicationSupportsIndirectInputEvents = YES;
				INFOPLIST_KEY_UILaunchScreen_Generation = YES;
				INFOPLIST_KEY_UISupportedInterfaceOrientations_iPad = "UIInterfaceOrientationPortrait UIInterfaceOrientationPortraitUpsideDown UIInterfaceOrientationLandscapeLeft UIInterfaceOrientationLandscapeRight";
				INFOPLIST_KEY_UISupportedInterfaceOrientations_iPhone = "UIInterfaceOrientationPortrait UIInterfaceOrientationLandscapeLeft UIInterfaceOrientationLandscapeRight";
				LD_RUNPATH_SEARCH_PATHS = (
					"$(inherited)",
					"@executable_path/Frameworks",
				);
				MARKETING_VERSION = 1.0;
				PRODUCT_BUNDLE_IDENTIFIER = edu.psu.krk252.Campus;
				PRODUCT_NAME = "$(TARGET_NAME)";
				SWIFT_EMIT_LOC_STRINGS = YES;
				SWIFT_VERSION = 5.0;
				TARGETED_DEVICE_FAMILY = "1,2";
			};
			name = Debug;
		};
		4F139E1928E5FECA0027EB3A /* Release */ = {
			isa = XCBuildConfiguration;
			buildSettings = {
				ASSETCATALOG_COMPILER_APPICON_NAME = AppIcon;
				ASSETCATALOG_COMPILER_GLOBAL_ACCENT_COLOR_NAME = AccentColor;
				CODE_SIGN_STYLE = Automatic;
				CURRENT_PROJECT_VERSION = 1;
				DEVELOPMENT_ASSET_PATHS = "\"Campus/Preview Content\"";
				DEVELOPMENT_TEAM = Q9B7SPU3TM;
				ENABLE_PREVIEWS = YES;
				GENERATE_INFOPLIST_FILE = YES;
				INFOPLIST_KEY_NSLocationWhenInUseUsageDescription = "Campus uses your location to help you find your way around your campus.";
				INFOPLIST_KEY_UIApplicationSceneManifest_Generation = YES;
				INFOPLIST_KEY_UIApplicationSupportsIndirectInputEvents = YES;
				INFOPLIST_KEY_UILaunchScreen_Generation = YES;
				INFOPLIST_KEY_UISupportedInterfaceOrientations_iPad = "UIInterfaceOrientationPortrait UIInterfaceOrientationPortraitUpsideDown UIInterfaceOrientationLandscapeLeft UIInterfaceOrientationLandscapeRight";
				INFOPLIST_KEY_UISupportedInterfaceOrientations_iPhone = "UIInterfaceOrientationPortrait UIInterfaceOrientationLandscapeLeft UIInterfaceOrientationLandscapeRight";
				LD_RUNPATH_SEARCH_PATHS = (
					"$(inherited)",
					"@executable_path/Frameworks",
				);
				MARKETING_VERSION = 1.0;
				PRODUCT_BUNDLE_IDENTIFIER = edu.psu.krk252.Campus;
				PRODUCT_NAME = "$(TARGET_NAME)";
				SWIFT_EMIT_LOC_STRINGS = YES;
				SWIFT_VERSION = 5.0;
				TARGETED_DEVICE_FAMILY = "1,2";
			};
			name = Release;
		};
		4F139E1B28E5FECA0027EB3A /* Debug */ = {
			isa = XCBuildConfiguration;
			buildSettings = {
				ALWAYS_EMBED_SWIFT_STANDARD_LIBRARIES = YES;
				BUNDLE_LOADER = "$(TEST_HOST)";
				CODE_SIGN_STYLE = Automatic;
				CURRENT_PROJECT_VERSION = 1;
				DEVELOPMENT_TEAM = Q9B7SPU3TM;
				GENERATE_INFOPLIST_FILE = YES;
				IPHONEOS_DEPLOYMENT_TARGET = 16.0;
				MARKETING_VERSION = 1.0;
				PRODUCT_BUNDLE_IDENTIFIER = edu.psu.krk252.CampusTests;
				PRODUCT_NAME = "$(TARGET_NAME)";
				SWIFT_EMIT_LOC_STRINGS = NO;
				SWIFT_VERSION = 5.0;
				TARGETED_DEVICE_FAMILY = "1,2";
				TEST_HOST = "$(BUILT_PRODUCTS_DIR)/Campus.app/$(BUNDLE_EXECUTABLE_FOLDER_PATH)/Campus";
			};
			name = Debug;
		};
		4F139E1C28E5FECA0027EB3A /* Release */ = {
			isa = XCBuildConfiguration;
			buildSettings = {
				ALWAYS_EMBED_SWIFT_STANDARD_LIBRARIES = YES;
				BUNDLE_LOADER = "$(TEST_HOST)";
				CODE_SIGN_STYLE = Automatic;
				CURRENT_PROJECT_VERSION = 1;
				DEVELOPMENT_TEAM = Q9B7SPU3TM;
				GENERATE_INFOPLIST_FILE = YES;
				IPHONEOS_DEPLOYMENT_TARGET = 16.0;
				MARKETING_VERSION = 1.0;
				PRODUCT_BUNDLE_IDENTIFIER = edu.psu.krk252.CampusTests;
				PRODUCT_NAME = "$(TARGET_NAME)";
				SWIFT_EMIT_LOC_STRINGS = NO;
				SWIFT_VERSION = 5.0;
				TARGETED_DEVICE_FAMILY = "1,2";
				TEST_HOST = "$(BUILT_PRODUCTS_DIR)/Campus.app/$(BUNDLE_EXECUTABLE_FOLDER_PATH)/Campus";
			};
			name = Release;
		};
		4F139E1E28E5FECA0027EB3A /* Debug */ = {
			isa = XCBuildConfiguration;
			buildSettings = {
				ALWAYS_EMBED_SWIFT_STANDARD_LIBRARIES = YES;
				CODE_SIGN_STYLE = Automatic;
				CURRENT_PROJECT_VERSION = 1;
				DEVELOPMENT_TEAM = Q9B7SPU3TM;
				GENERATE_INFOPLIST_FILE = YES;
				MARKETING_VERSION = 1.0;
				PRODUCT_BUNDLE_IDENTIFIER = edu.psu.krk252.CampusUITests;
				PRODUCT_NAME = "$(TARGET_NAME)";
				SWIFT_EMIT_LOC_STRINGS = NO;
				SWIFT_VERSION = 5.0;
				TARGETED_DEVICE_FAMILY = "1,2";
				TEST_TARGET_NAME = Campus;
			};
			name = Debug;
		};
		4F139E1F28E5FECA0027EB3A /* Release */ = {
			isa = XCBuildConfiguration;
			buildSettings = {
				ALWAYS_EMBED_SWIFT_STANDARD_LIBRARIES = YES;
				CODE_SIGN_STYLE = Automatic;
				CURRENT_PROJECT_VERSION = 1;
				DEVELOPMENT_TEAM = Q9B7SPU3TM;
				GENERATE_INFOPLIST_FILE = YES;
				MARKETING_VERSION = 1.0;
				PRODUCT_BUNDLE_IDENTIFIER = edu.psu.krk252.CampusUITests;
				PRODUCT_NAME = "$(TARGET_NAME)";
				SWIFT_EMIT_LOC_STRINGS = NO;
				SWIFT_VERSION = 5.0;
				TARGETED_DEVICE_FAMILY = "1,2";
				TEST_TARGET_NAME = Campus;
			};
			name = Release;
		};
/* End XCBuildConfiguration section */

/* Begin XCConfigurationList section */
		4F139DEE28E5FEC90027EB3A /* Build configuration list for PBXProject "Campus" */ = {
			isa = XCConfigurationList;
			buildConfigurations = (
				4F139E1528E5FECA0027EB3A /* Debug */,
				4F139E1628E5FECA0027EB3A /* Release */,
			);
			defaultConfigurationIsVisible = 0;
			defaultConfigurationName = Release;
		};
		4F139E1728E5FECA0027EB3A /* Build configuration list for PBXNativeTarget "Campus" */ = {
			isa = XCConfigurationList;
			buildConfigurations = (
				4F139E1828E5FECA0027EB3A /* Debug */,
				4F139E1928E5FECA0027EB3A /* Release */,
			);
			defaultConfigurationIsVisible = 0;
			defaultConfigurationName = Release;
		};
		4F139E1A28E5FECA0027EB3A /* Build configuration list for PBXNativeTarget "CampusTests" */ = {
			isa = XCConfigurationList;
			buildConfigurations = (
				4F139E1B28E5FECA0027EB3A /* Debug */,
				4F139E1C28E5FECA0027EB3A /* Release */,
			);
			defaultConfigurationIsVisible = 0;
			defaultConfigurationName = Release;
		};
		4F139E1D28E5FECA0027EB3A /* Build configuration list for PBXNativeTarget "CampusUITests" */ = {
			isa = XCConfigurationList;
			buildConfigurations = (
				4F139E1E28E5FECA0027EB3A /* Debug */,
				4F139E1F28E5FECA0027EB3A /* Release */,
			);
			defaultConfigurationIsVisible = 0;
			defaultConfigurationName = Release;
		};
/* End XCConfigurationList section */
	};
	rootObject = 4F139DEB28E5FEC90027EB3A /* Project object */;
}
