// !$*UTF8*$!
{
	archiveVersion = 1;
	classes = {
	};
	objectVersion = 56;
	objects = {

/* Begin PBXBuildFile section */
		4F597D222911A14F00BC1046 /* BoomicApp.swift in Sources */ = {isa = PBXBuildFile; fileRef = 4F597D212911A14F00BC1046 /* BoomicApp.swift */; };
		4F597D262911A15000BC1046 /* Assets.xcassets in Resources */ = {isa = PBXBuildFile; fileRef = 4F597D252911A15000BC1046 /* Assets.xcassets */; };
		4F597D292911A15000BC1046 /* Preview Assets.xcassets in Resources */ = {isa = PBXBuildFile; fileRef = 4F597D282911A15000BC1046 /* Preview Assets.xcassets */; };
		4F597D332911A15000BC1046 /* BoomicTests.swift in Sources */ = {isa = PBXBuildFile; fileRef = 4F597D322911A15000BC1046 /* BoomicTests.swift */; };
		4F597D3D2911A15000BC1046 /* BoomicUITests.swift in Sources */ = {isa = PBXBuildFile; fileRef = 4F597D3C2911A15000BC1046 /* BoomicUITests.swift */; };
		4F597D3F2911A15000BC1046 /* BoomicUITestsLaunchTests.swift in Sources */ = {isa = PBXBuildFile; fileRef = 4F597D3E2911A15000BC1046 /* BoomicUITestsLaunchTests.swift */; };
		4F597D502911A1CE00BC1046 /* MainView.swift in Sources */ = {isa = PBXBuildFile; fileRef = 4F597D4F2911A1CE00BC1046 /* MainView.swift */; };
		4F597D562911A28B00BC1046 /* ClassicSongView.swift in Sources */ = {isa = PBXBuildFile; fileRef = 4F597D552911A28B00BC1046 /* ClassicSongView.swift */; };
		4F597D592911A65100BC1046 /* StaticAlbumCover.swift in Sources */ = {isa = PBXBuildFile; fileRef = 4F597D582911A65100BC1046 /* StaticAlbumCover.swift */; };
		4F597D5B2911A74100BC1046 /* ViewConstants.swift in Sources */ = {isa = PBXBuildFile; fileRef = 4F597D5A2911A74100BC1046 /* ViewConstants.swift */; };
		4F597D5D2911A8F800BC1046 /* Song.swift in Sources */ = {isa = PBXBuildFile; fileRef = 4F597D5C2911A8F800BC1046 /* Song.swift */; };
		4F597D5F2912E07900BC1046 /* BoomicLibrary.swift in Sources */ = {isa = PBXBuildFile; fileRef = 4F597D5E2912E07900BC1046 /* BoomicLibrary.swift */; };
		4F597D612912E0C500BC1046 /* BoomicManager.swift in Sources */ = {isa = PBXBuildFile; fileRef = 4F597D602912E0C500BC1046 /* BoomicManager.swift */; };
		4F597D642912E97900BC1046 /* ClassicVolumeSlider.swift in Sources */ = {isa = PBXBuildFile; fileRef = 4F597D632912E97900BC1046 /* ClassicVolumeSlider.swift */; };
		4F597D662912EC6100BC1046 /* ClassicMediaControls.swift in Sources */ = {isa = PBXBuildFile; fileRef = 4F597D652912EC6100BC1046 /* ClassicMediaControls.swift */; };
		4F597D682912EF6C00BC1046 /* ClassicTitles.swift in Sources */ = {isa = PBXBuildFile; fileRef = 4F597D672912EF6C00BC1046 /* ClassicTitles.swift */; };
		4F597E65291323E700BC1046 /* SongListView.swift in Sources */ = {isa = PBXBuildFile; fileRef = 4F597E64291323E700BC1046 /* SongListView.swift */; };
		4F6A16FB29465B0400282EF0 /* CurrentSongView.swift in Sources */ = {isa = PBXBuildFile; fileRef = 4F6A16FA29465B0400282EF0 /* CurrentSongView.swift */; };
		4F6A170029465FBA00282EF0 /* PlayButton.swift in Sources */ = {isa = PBXBuildFile; fileRef = 4F6A16FF29465FBA00282EF0 /* PlayButton.swift */; };
		4F6A17042946AC3D00282EF0 /* ShuffleButton.swift in Sources */ = {isa = PBXBuildFile; fileRef = 4F6A17032946AC3D00282EF0 /* ShuffleButton.swift */; };
		4F6A17062946AD8A00282EF0 /* RepeatButton.swift in Sources */ = {isa = PBXBuildFile; fileRef = 4F6A17052946AD8A00282EF0 /* RepeatButton.swift */; };
		4F9A489A294166F800852EB5 /* RightTriangle.swift in Sources */ = {isa = PBXBuildFile; fileRef = 4F9A4899294166F800852EB5 /* RightTriangle.swift */; };
		4F9A489E29416C6D00852EB5 /* Gesture_GUI.swift in Sources */ = {isa = PBXBuildFile; fileRef = 4F9A489D29416C6D00852EB5 /* Gesture_GUI.swift */; };
		4F9A48A129426ED500852EB5 /* GestureVolumeSlider.swift in Sources */ = {isa = PBXBuildFile; fileRef = 4F9A48A029426ED500852EB5 /* GestureVolumeSlider.swift */; };
		4FA699A7294278C80086EEBD /* BoomicError.swift in Sources */ = {isa = PBXBuildFile; fileRef = 4FA699A6294278C80086EEBD /* BoomicError.swift */; };
		4FA699A92942A8F90086EEBD /* ScrollingTimeView.swift in Sources */ = {isa = PBXBuildFile; fileRef = 4FA699A82942A8F90086EEBD /* ScrollingTimeView.swift */; };
		4FCD439E29145065001E7FCC /* Artist.swift in Sources */ = {isa = PBXBuildFile; fileRef = 4FCD439D29145065001E7FCC /* Artist.swift */; };
		4FCD43A02914506E001E7FCC /* Album.swift in Sources */ = {isa = PBXBuildFile; fileRef = 4FCD439F2914506E001E7FCC /* Album.swift */; };
		4FCD441B29149151001E7FCC /* Manager+Debug.swift in Sources */ = {isa = PBXBuildFile; fileRef = 4FCD441A29149151001E7FCC /* Manager+Debug.swift */; };
		4FCD441D29157E65001E7FCC /* SongListItem.swift in Sources */ = {isa = PBXBuildFile; fileRef = 4FCD441C29157E65001E7FCC /* SongListItem.swift */; };
		4FCD441F29158EE6001E7FCC /* ClassicTimeSlider.swift in Sources */ = {isa = PBXBuildFile; fileRef = 4FCD441E29158EE6001E7FCC /* ClassicTimeSlider.swift */; };
		4FCD44212915B8C4001E7FCC /* MediaControls.swift in Sources */ = {isa = PBXBuildFile; fileRef = 4FCD44202915B8C4001E7FCC /* MediaControls.swift */; };
		4FCD44232915B965001E7FCC /* Metadata.swift in Sources */ = {isa = PBXBuildFile; fileRef = 4FCD44222915B965001E7FCC /* Metadata.swift */; };
		4FCD44262915BB04001E7FCC /* InitMethods.swift in Sources */ = {isa = PBXBuildFile; fileRef = 4FCD44252915BB04001E7FCC /* InitMethods.swift */; };
		4FD5045E293AB2F000B9C76F /* GesturedAlbumCover.swift in Sources */ = {isa = PBXBuildFile; fileRef = 4FD5045D293AB2F000B9C76F /* GesturedAlbumCover.swift */; };
		4FEC954C291995A6003EA394 /* BoomicSlider.swift in Sources */ = {isa = PBXBuildFile; fileRef = 4FEC954B291995A6003EA394 /* BoomicSlider.swift */; };
		4FEC954E291A18A7003EA394 /* ClassicQueueControls.swift in Sources */ = {isa = PBXBuildFile; fileRef = 4FEC954D291A18A7003EA394 /* ClassicQueueControls.swift */; };
		4FEC9551291AC6C1003EA394 /* CurrentSongBar.swift in Sources */ = {isa = PBXBuildFile; fileRef = 4FEC9550291AC6C1003EA394 /* CurrentSongBar.swift */; };
		4FEC9553291B2273003EA394 /* ImageBlurBackground.swift in Sources */ = {isa = PBXBuildFile; fileRef = 4FEC9552291B2273003EA394 /* ImageBlurBackground.swift */; };
		4FEC9555291DBC42003EA394 /* CategoriesView.swift in Sources */ = {isa = PBXBuildFile; fileRef = 4FEC9554291DBC42003EA394 /* CategoriesView.swift */; };
		4FECA26E29229CBB003EA394 /* Categories.swift in Sources */ = {isa = PBXBuildFile; fileRef = 4FECA26D29229CBB003EA394 /* Categories.swift */; };
		4FECA2702922B758003EA394 /* CategoryMethods.swift in Sources */ = {isa = PBXBuildFile; fileRef = 4FECA26F2922B758003EA394 /* CategoryMethods.swift */; };
		4FECA2722922B79C003EA394 /* CategoryView.swift in Sources */ = {isa = PBXBuildFile; fileRef = 4FECA2712922B79C003EA394 /* CategoryView.swift */; };
		4FECA2742922C024003EA394 /* ImageSource.swift in Sources */ = {isa = PBXBuildFile; fileRef = 4FECA2732922C024003EA394 /* ImageSource.swift */; };
		4FECA2782922D03B003EA394 /* GridMenu.swift in Sources */ = {isa = PBXBuildFile; fileRef = 4FECA2772922D03B003EA394 /* GridMenu.swift */; };
		4FECA27A2922D3DC003EA394 /* ContainerProtocol.swift in Sources */ = {isa = PBXBuildFile; fileRef = 4FECA2792922D3DC003EA394 /* ContainerProtocol.swift */; };
		4FECA27C2922D8A8003EA394 /* AlbumListItem.swift in Sources */ = {isa = PBXBuildFile; fileRef = 4FECA27B2922D8A8003EA394 /* AlbumListItem.swift */; };
		4FECA27E2922DBD5003EA394 /* AlbumListView.swift in Sources */ = {isa = PBXBuildFile; fileRef = 4FECA27D2922DBD5003EA394 /* AlbumListView.swift */; };
		4FECA2802922E016003EA394 /* ArtistListItem.swift in Sources */ = {isa = PBXBuildFile; fileRef = 4FECA27F2922E016003EA394 /* ArtistListItem.swift */; };
		4FECA2822922E09E003EA394 /* ArtistListView.swift in Sources */ = {isa = PBXBuildFile; fileRef = 4FECA2812922E09E003EA394 /* ArtistListView.swift */; };
		4FECA289292AD3CA003EA394 /* QueueListView.swift in Sources */ = {isa = PBXBuildFile; fileRef = 4FECA288292AD3CA003EA394 /* QueueListView.swift */; };
		4FECA3E02937E5FB003EA394 /* Playlist.swift in Sources */ = {isa = PBXBuildFile; fileRef = 4FECA3DF2937E5FB003EA394 /* Playlist.swift */; };
		4FECA3E4293951CB003EA394 /* FileManagement.swift in Sources */ = {isa = PBXBuildFile; fileRef = 4FECA3E3293951CB003EA394 /* FileManagement.swift */; };
		4FECA3F929395D4F003EA394 /* StorageManager.swift in Sources */ = {isa = PBXBuildFile; fileRef = 4FECA3F829395D4F003EA394 /* StorageManager.swift */; };
		4FECA3FB29395D58003EA394 /* FileInfo.swift in Sources */ = {isa = PBXBuildFile; fileRef = 4FECA3FA29395D58003EA394 /* FileInfo.swift */; };
		4FFDE8232945427A0046FB73 /* SettingsView.swift in Sources */ = {isa = PBXBuildFile; fileRef = 4FFDE8222945427A0046FB73 /* SettingsView.swift */; };
		4FFDE825294545740046FB73 /* BoomicSettings.swift in Sources */ = {isa = PBXBuildFile; fileRef = 4FFDE824294545740046FB73 /* BoomicSettings.swift */; };
		4FFDE82729455FAA0046FB73 /* AlbumCover.swift in Sources */ = {isa = PBXBuildFile; fileRef = 4FFDE82629455FAA0046FB73 /* AlbumCover.swift */; };
/* End PBXBuildFile section */

/* Begin PBXContainerItemProxy section */
		4F597D2F2911A15000BC1046 /* PBXContainerItemProxy */ = {
			isa = PBXContainerItemProxy;
			containerPortal = 4F597D162911A14F00BC1046 /* Project object */;
			proxyType = 1;
			remoteGlobalIDString = 4F597D1D2911A14F00BC1046;
			remoteInfo = Boomic;
		};
		4F597D392911A15000BC1046 /* PBXContainerItemProxy */ = {
			isa = PBXContainerItemProxy;
			containerPortal = 4F597D162911A14F00BC1046 /* Project object */;
			proxyType = 1;
			remoteGlobalIDString = 4F597D1D2911A14F00BC1046;
			remoteInfo = Boomic;
		};
/* End PBXContainerItemProxy section */

/* Begin PBXFileReference section */
		4F597D1E2911A14F00BC1046 /* Boomic.app */ = {isa = PBXFileReference; explicitFileType = wrapper.application; includeInIndex = 0; path = Boomic.app; sourceTree = BUILT_PRODUCTS_DIR; };
		4F597D212911A14F00BC1046 /* BoomicApp.swift */ = {isa = PBXFileReference; lastKnownFileType = sourcecode.swift; path = BoomicApp.swift; sourceTree = "<group>"; };
		4F597D252911A15000BC1046 /* Assets.xcassets */ = {isa = PBXFileReference; lastKnownFileType = folder.assetcatalog; path = Assets.xcassets; sourceTree = "<group>"; };
		4F597D282911A15000BC1046 /* Preview Assets.xcassets */ = {isa = PBXFileReference; lastKnownFileType = folder.assetcatalog; path = "Preview Assets.xcassets"; sourceTree = "<group>"; };
		4F597D2E2911A15000BC1046 /* BoomicTests.xctest */ = {isa = PBXFileReference; explicitFileType = wrapper.cfbundle; includeInIndex = 0; path = BoomicTests.xctest; sourceTree = BUILT_PRODUCTS_DIR; };
		4F597D322911A15000BC1046 /* BoomicTests.swift */ = {isa = PBXFileReference; lastKnownFileType = sourcecode.swift; path = BoomicTests.swift; sourceTree = "<group>"; };
		4F597D382911A15000BC1046 /* BoomicUITests.xctest */ = {isa = PBXFileReference; explicitFileType = wrapper.cfbundle; includeInIndex = 0; path = BoomicUITests.xctest; sourceTree = BUILT_PRODUCTS_DIR; };
		4F597D3C2911A15000BC1046 /* BoomicUITests.swift */ = {isa = PBXFileReference; lastKnownFileType = sourcecode.swift; path = BoomicUITests.swift; sourceTree = "<group>"; };
		4F597D3E2911A15000BC1046 /* BoomicUITestsLaunchTests.swift */ = {isa = PBXFileReference; lastKnownFileType = sourcecode.swift; path = BoomicUITestsLaunchTests.swift; sourceTree = "<group>"; };
		4F597D4F2911A1CE00BC1046 /* MainView.swift */ = {isa = PBXFileReference; lastKnownFileType = sourcecode.swift; path = MainView.swift; sourceTree = "<group>"; };
		4F597D552911A28B00BC1046 /* ClassicSongView.swift */ = {isa = PBXFileReference; lastKnownFileType = sourcecode.swift; path = ClassicSongView.swift; sourceTree = "<group>"; };
		4F597D582911A65100BC1046 /* StaticAlbumCover.swift */ = {isa = PBXFileReference; lastKnownFileType = sourcecode.swift; path = StaticAlbumCover.swift; sourceTree = "<group>"; };
		4F597D5A2911A74100BC1046 /* ViewConstants.swift */ = {isa = PBXFileReference; lastKnownFileType = sourcecode.swift; path = ViewConstants.swift; sourceTree = "<group>"; };
		4F597D5C2911A8F800BC1046 /* Song.swift */ = {isa = PBXFileReference; lastKnownFileType = sourcecode.swift; path = Song.swift; sourceTree = "<group>"; };
		4F597D5E2912E07900BC1046 /* BoomicLibrary.swift */ = {isa = PBXFileReference; lastKnownFileType = sourcecode.swift; path = BoomicLibrary.swift; sourceTree = "<group>"; };
		4F597D602912E0C500BC1046 /* BoomicManager.swift */ = {isa = PBXFileReference; lastKnownFileType = sourcecode.swift; path = BoomicManager.swift; sourceTree = "<group>"; };
		4F597D632912E97900BC1046 /* ClassicVolumeSlider.swift */ = {isa = PBXFileReference; lastKnownFileType = sourcecode.swift; path = ClassicVolumeSlider.swift; sourceTree = "<group>"; };
		4F597D652912EC6100BC1046 /* ClassicMediaControls.swift */ = {isa = PBXFileReference; lastKnownFileType = sourcecode.swift; path = ClassicMediaControls.swift; sourceTree = "<group>"; };
		4F597D672912EF6C00BC1046 /* ClassicTitles.swift */ = {isa = PBXFileReference; lastKnownFileType = sourcecode.swift; path = ClassicTitles.swift; sourceTree = "<group>"; };
		4F597D692913079700BC1046 /* Info.plist */ = {isa = PBXFileReference; lastKnownFileType = text.plist.xml; path = Info.plist; sourceTree = "<group>"; };
		4F597E64291323E700BC1046 /* SongListView.swift */ = {isa = PBXFileReference; lastKnownFileType = sourcecode.swift; path = SongListView.swift; sourceTree = "<group>"; };
		4F6A16FA29465B0400282EF0 /* CurrentSongView.swift */ = {isa = PBXFileReference; lastKnownFileType = sourcecode.swift; path = CurrentSongView.swift; sourceTree = "<group>"; };
		4F6A16FF29465FBA00282EF0 /* PlayButton.swift */ = {isa = PBXFileReference; lastKnownFileType = sourcecode.swift; path = PlayButton.swift; sourceTree = "<group>"; };
		4F6A17032946AC3D00282EF0 /* ShuffleButton.swift */ = {isa = PBXFileReference; lastKnownFileType = sourcecode.swift; path = ShuffleButton.swift; sourceTree = "<group>"; };
		4F6A17052946AD8A00282EF0 /* RepeatButton.swift */ = {isa = PBXFileReference; lastKnownFileType = sourcecode.swift; path = RepeatButton.swift; sourceTree = "<group>"; };
		4F9A4899294166F800852EB5 /* RightTriangle.swift */ = {isa = PBXFileReference; lastKnownFileType = sourcecode.swift; path = RightTriangle.swift; sourceTree = "<group>"; };
		4F9A489D29416C6D00852EB5 /* Gesture_GUI.swift */ = {isa = PBXFileReference; lastKnownFileType = sourcecode.swift; path = Gesture_GUI.swift; sourceTree = "<group>"; };
		4F9A48A029426ED500852EB5 /* GestureVolumeSlider.swift */ = {isa = PBXFileReference; lastKnownFileType = sourcecode.swift; name = GestureVolumeSlider.swift; path = Boomic/Views/Gesture_GUI/GestureVolumeSlider.swift; sourceTree = SOURCE_ROOT; };
		4FA699A6294278C80086EEBD /* BoomicError.swift */ = {isa = PBXFileReference; lastKnownFileType = sourcecode.swift; path = BoomicError.swift; sourceTree = "<group>"; };
		4FA699A82942A8F90086EEBD /* ScrollingTimeView.swift */ = {isa = PBXFileReference; lastKnownFileType = sourcecode.swift; path = ScrollingTimeView.swift; sourceTree = "<group>"; };
		4FCD439D29145065001E7FCC /* Artist.swift */ = {isa = PBXFileReference; lastKnownFileType = sourcecode.swift; path = Artist.swift; sourceTree = "<group>"; };
		4FCD439F2914506E001E7FCC /* Album.swift */ = {isa = PBXFileReference; lastKnownFileType = sourcecode.swift; path = Album.swift; sourceTree = "<group>"; };
		4FCD441A29149151001E7FCC /* Manager+Debug.swift */ = {isa = PBXFileReference; lastKnownFileType = sourcecode.swift; path = "Manager+Debug.swift"; sourceTree = "<group>"; };
		4FCD441C29157E65001E7FCC /* SongListItem.swift */ = {isa = PBXFileReference; lastKnownFileType = sourcecode.swift; path = SongListItem.swift; sourceTree = "<group>"; };
		4FCD441E29158EE6001E7FCC /* ClassicTimeSlider.swift */ = {isa = PBXFileReference; lastKnownFileType = sourcecode.swift; path = ClassicTimeSlider.swift; sourceTree = "<group>"; };
		4FCD44202915B8C4001E7FCC /* MediaControls.swift */ = {isa = PBXFileReference; lastKnownFileType = sourcecode.swift; path = MediaControls.swift; sourceTree = "<group>"; };
		4FCD44222915B965001E7FCC /* Metadata.swift */ = {isa = PBXFileReference; lastKnownFileType = sourcecode.swift; name = Metadata.swift; path = "../New Group/Metadata.swift"; sourceTree = "<group>"; };
		4FCD44252915BB04001E7FCC /* InitMethods.swift */ = {isa = PBXFileReference; lastKnownFileType = sourcecode.swift; path = InitMethods.swift; sourceTree = "<group>"; };
		4FD5045C293A98F900B9C76F /* TODO.md */ = {isa = PBXFileReference; lastKnownFileType = net.daringfireball.markdown; name = TODO.md; path = Boomic/Storage/TODO.md; sourceTree = SOURCE_ROOT; };
		4FD5045D293AB2F000B9C76F /* GesturedAlbumCover.swift */ = {isa = PBXFileReference; lastKnownFileType = sourcecode.swift; path = GesturedAlbumCover.swift; sourceTree = "<group>"; };
		4FEC954B291995A6003EA394 /* BoomicSlider.swift */ = {isa = PBXFileReference; lastKnownFileType = sourcecode.swift; path = BoomicSlider.swift; sourceTree = "<group>"; };
		4FEC954D291A18A7003EA394 /* ClassicQueueControls.swift */ = {isa = PBXFileReference; lastKnownFileType = sourcecode.swift; path = ClassicQueueControls.swift; sourceTree = "<group>"; };
		4FEC9550291AC6C1003EA394 /* CurrentSongBar.swift */ = {isa = PBXFileReference; lastKnownFileType = sourcecode.swift; path = CurrentSongBar.swift; sourceTree = "<group>"; };
		4FEC9552291B2273003EA394 /* ImageBlurBackground.swift */ = {isa = PBXFileReference; lastKnownFileType = sourcecode.swift; path = ImageBlurBackground.swift; sourceTree = "<group>"; };
		4FEC9554291DBC42003EA394 /* CategoriesView.swift */ = {isa = PBXFileReference; lastKnownFileType = sourcecode.swift; path = CategoriesView.swift; sourceTree = "<group>"; };
		4FECA26D29229CBB003EA394 /* Categories.swift */ = {isa = PBXFileReference; lastKnownFileType = sourcecode.swift; path = Categories.swift; sourceTree = "<group>"; };
		4FECA26F2922B758003EA394 /* CategoryMethods.swift */ = {isa = PBXFileReference; lastKnownFileType = sourcecode.swift; path = CategoryMethods.swift; sourceTree = "<group>"; };
		4FECA2712922B79C003EA394 /* CategoryView.swift */ = {isa = PBXFileReference; lastKnownFileType = sourcecode.swift; path = CategoryView.swift; sourceTree = "<group>"; };
		4FECA2732922C024003EA394 /* ImageSource.swift */ = {isa = PBXFileReference; lastKnownFileType = sourcecode.swift; path = ImageSource.swift; sourceTree = "<group>"; };
		4FECA2772922D03B003EA394 /* GridMenu.swift */ = {isa = PBXFileReference; lastKnownFileType = sourcecode.swift; path = GridMenu.swift; sourceTree = "<group>"; };
		4FECA2792922D3DC003EA394 /* ContainerProtocol.swift */ = {isa = PBXFileReference; lastKnownFileType = sourcecode.swift; path = ContainerProtocol.swift; sourceTree = "<group>"; };
		4FECA27B2922D8A8003EA394 /* AlbumListItem.swift */ = {isa = PBXFileReference; lastKnownFileType = sourcecode.swift; path = AlbumListItem.swift; sourceTree = "<group>"; };
		4FECA27D2922DBD5003EA394 /* AlbumListView.swift */ = {isa = PBXFileReference; lastKnownFileType = sourcecode.swift; path = AlbumListView.swift; sourceTree = "<group>"; };
		4FECA27F2922E016003EA394 /* ArtistListItem.swift */ = {isa = PBXFileReference; lastKnownFileType = sourcecode.swift; path = ArtistListItem.swift; sourceTree = "<group>"; };
		4FECA2812922E09E003EA394 /* ArtistListView.swift */ = {isa = PBXFileReference; lastKnownFileType = sourcecode.swift; path = ArtistListView.swift; sourceTree = "<group>"; };
		4FECA288292AD3CA003EA394 /* QueueListView.swift */ = {isa = PBXFileReference; lastKnownFileType = sourcecode.swift; path = QueueListView.swift; sourceTree = "<group>"; };
		4FECA3DF2937E5FB003EA394 /* Playlist.swift */ = {isa = PBXFileReference; lastKnownFileType = sourcecode.swift; path = Playlist.swift; sourceTree = "<group>"; };
		4FECA3E3293951CB003EA394 /* FileManagement.swift */ = {isa = PBXFileReference; lastKnownFileType = sourcecode.swift; path = FileManagement.swift; sourceTree = "<group>"; };
		4FECA3F829395D4F003EA394 /* StorageManager.swift */ = {isa = PBXFileReference; lastKnownFileType = sourcecode.swift; path = StorageManager.swift; sourceTree = "<group>"; };
		4FECA3FA29395D58003EA394 /* FileInfo.swift */ = {isa = PBXFileReference; lastKnownFileType = sourcecode.swift; path = FileInfo.swift; sourceTree = "<group>"; };
		4FFDE8222945427A0046FB73 /* SettingsView.swift */ = {isa = PBXFileReference; lastKnownFileType = sourcecode.swift; path = SettingsView.swift; sourceTree = "<group>"; };
		4FFDE824294545740046FB73 /* BoomicSettings.swift */ = {isa = PBXFileReference; lastKnownFileType = sourcecode.swift; path = BoomicSettings.swift; sourceTree = "<group>"; };
		4FFDE82629455FAA0046FB73 /* AlbumCover.swift */ = {isa = PBXFileReference; lastKnownFileType = sourcecode.swift; path = AlbumCover.swift; sourceTree = "<group>"; };
/* End PBXFileReference section */

/* Begin PBXFrameworksBuildPhase section */
		4F597D1B2911A14F00BC1046 /* Frameworks */ = {
			isa = PBXFrameworksBuildPhase;
			buildActionMask = 2147483647;
			files = (
			);
			runOnlyForDeploymentPostprocessing = 0;
		};
		4F597D2B2911A15000BC1046 /* Frameworks */ = {
			isa = PBXFrameworksBuildPhase;
			buildActionMask = 2147483647;
			files = (
			);
			runOnlyForDeploymentPostprocessing = 0;
		};
		4F597D352911A15000BC1046 /* Frameworks */ = {
			isa = PBXFrameworksBuildPhase;
			buildActionMask = 2147483647;
			files = (
			);
			runOnlyForDeploymentPostprocessing = 0;
		};
/* End PBXFrameworksBuildPhase section */

/* Begin PBXGroup section */
		4F597D152911A14F00BC1046 = {
			isa = PBXGroup;
			children = (
				4F597D202911A14F00BC1046 /* Boomic */,
				4F597D312911A15000BC1046 /* BoomicTests */,
				4F597D3B2911A15000BC1046 /* BoomicUITests */,
				4F597D1F2911A14F00BC1046 /* Products */,
			);
			sourceTree = "<group>";
		};
		4F597D1F2911A14F00BC1046 /* Products */ = {
			isa = PBXGroup;
			children = (
				4F597D1E2911A14F00BC1046 /* Boomic.app */,
				4F597D2E2911A15000BC1046 /* BoomicTests.xctest */,
				4F597D382911A15000BC1046 /* BoomicUITests.xctest */,
			);
			name = Products;
			sourceTree = "<group>";
		};
		4F597D202911A14F00BC1046 /* Boomic */ = {
			isa = PBXGroup;
			children = (
				4FECA3F729395D46003EA394 /* Storage */,
				4FCD439A29144F45001E7FCC /* Notes */,
				4F597D692913079700BC1046 /* Info.plist */,
				4F597D512911A20B00BC1046 /* Other */,
				4F597D4C2911A16F00BC1046 /* Models */,
				4F597D4D2911A17C00BC1046 /* ViewModel */,
				4F597D4B2911A16200BC1046 /* Views */,
				4F597D272911A15000BC1046 /* Preview Content */,
			);
			path = Boomic;
			sourceTree = "<group>";
		};
		4F597D272911A15000BC1046 /* Preview Content */ = {
			isa = PBXGroup;
			children = (
				4F597D282911A15000BC1046 /* Preview Assets.xcassets */,
			);
			path = "Preview Content";
			sourceTree = "<group>";
		};
		4F597D312911A15000BC1046 /* BoomicTests */ = {
			isa = PBXGroup;
			children = (
				4F597D322911A15000BC1046 /* BoomicTests.swift */,
			);
			path = BoomicTests;
			sourceTree = "<group>";
		};
		4F597D3B2911A15000BC1046 /* BoomicUITests */ = {
			isa = PBXGroup;
			children = (
				4F597D3C2911A15000BC1046 /* BoomicUITests.swift */,
				4F597D3E2911A15000BC1046 /* BoomicUITestsLaunchTests.swift */,
			);
			path = BoomicUITests;
			sourceTree = "<group>";
		};
		4F597D4B2911A16200BC1046 /* Views */ = {
			isa = PBXGroup;
			children = (
				4F6A16FE29465FA900282EF0 /* Buttons */,
				4F6A16F929465AEB00282EF0 /* Generics */,
				4F9A489B29416C1800852EB5 /* Gesture_GUI */,
				4F9A4898294166E700852EB5 /* Shapes */,
				4F597D4F2911A1CE00BC1046 /* MainView.swift */,
				4F597D5A2911A74100BC1046 /* ViewConstants.swift */,
				4F597E63291323DC00BC1046 /* Menus */,
				4F597D572911A62B00BC1046 /* Subviews */,
				4F597D4E2911A1AB00BC1046 /* Classic_GUI */,
			);
			path = Views;
			sourceTree = "<group>";
		};
		4F597D4C2911A16F00BC1046 /* Models */ = {
			isa = PBXGroup;
			children = (
				4F597D5C2911A8F800BC1046 /* Song.swift */,
				4F597D5E2912E07900BC1046 /* BoomicLibrary.swift */,
				4FCD439D29145065001E7FCC /* Artist.swift */,
				4FCD439F2914506E001E7FCC /* Album.swift */,
				4FECA26D29229CBB003EA394 /* Categories.swift */,
				4FECA2732922C024003EA394 /* ImageSource.swift */,
				4FECA3DF2937E5FB003EA394 /* Playlist.swift */,
				4FA699A6294278C80086EEBD /* BoomicError.swift */,
				4FFDE824294545740046FB73 /* BoomicSettings.swift */,
			);
			path = Models;
			sourceTree = "<group>";
		};
		4F597D4D2911A17C00BC1046 /* ViewModel */ = {
			isa = PBXGroup;
			children = (
				4F597D602912E0C500BC1046 /* BoomicManager.swift */,
				4FCD44242915B9CC001E7FCC /* Extensions */,
			);
			path = ViewModel;
			sourceTree = "<group>";
		};
		4F597D4E2911A1AB00BC1046 /* Classic_GUI */ = {
			isa = PBXGroup;
			children = (
				4F597D552911A28B00BC1046 /* ClassicSongView.swift */,
				4F597D622912E8F500BC1046 /* Subviews */,
			);
			path = Classic_GUI;
			sourceTree = "<group>";
		};
		4F597D512911A20B00BC1046 /* Other */ = {
			isa = PBXGroup;
			children = (
				4F597D252911A15000BC1046 /* Assets.xcassets */,
				4F597D212911A14F00BC1046 /* BoomicApp.swift */,
			);
			path = Other;
			sourceTree = "<group>";
		};
		4F597D572911A62B00BC1046 /* Subviews */ = {
			isa = PBXGroup;
			children = (
				4FD5045D293AB2F000B9C76F /* GesturedAlbumCover.swift */,
				4FEC9552291B2273003EA394 /* ImageBlurBackground.swift */,
				4F597D582911A65100BC1046 /* StaticAlbumCover.swift */,
				4FEC954B291995A6003EA394 /* BoomicSlider.swift */,
				4FECA2792922D3DC003EA394 /* ContainerProtocol.swift */,
				4FA699A82942A8F90086EEBD /* ScrollingTimeView.swift */,
				4FFDE82629455FAA0046FB73 /* AlbumCover.swift */,
			);
			path = Subviews;
			sourceTree = "<group>";
		};
		4F597D622912E8F500BC1046 /* Subviews */ = {
			isa = PBXGroup;
			children = (
				4F597D632912E97900BC1046 /* ClassicVolumeSlider.swift */,
				4F597D652912EC6100BC1046 /* ClassicMediaControls.swift */,
				4F597D672912EF6C00BC1046 /* ClassicTitles.swift */,
				4FCD441E29158EE6001E7FCC /* ClassicTimeSlider.swift */,
				4FEC954D291A18A7003EA394 /* ClassicQueueControls.swift */,
			);
			path = Subviews;
			sourceTree = "<group>";
		};
		4F597E63291323DC00BC1046 /* Menus */ = {
			isa = PBXGroup;
			children = (
				4FEC954F291AC65C003EA394 /* Subviews */,
				4F597E64291323E700BC1046 /* SongListView.swift */,
				4FEC9554291DBC42003EA394 /* CategoriesView.swift */,
				4FECA2812922E09E003EA394 /* ArtistListView.swift */,
				4FECA27D2922DBD5003EA394 /* AlbumListView.swift */,
				4FECA288292AD3CA003EA394 /* QueueListView.swift */,
				4FFDE8222945427A0046FB73 /* SettingsView.swift */,
			);
			path = Menus;
			sourceTree = "<group>";
		};
		4F6A16F929465AEB00282EF0 /* Generics */ = {
			isa = PBXGroup;
			children = (
				4F6A16FA29465B0400282EF0 /* CurrentSongView.swift */,
			);
			path = Generics;
			sourceTree = "<group>";
		};
		4F6A16FE29465FA900282EF0 /* Buttons */ = {
			isa = PBXGroup;
			children = (
				4F6A16FF29465FBA00282EF0 /* PlayButton.swift */,
				4F6A17032946AC3D00282EF0 /* ShuffleButton.swift */,
				4F6A17052946AD8A00282EF0 /* RepeatButton.swift */,
			);
			path = Buttons;
			sourceTree = "<group>";
		};
		4F9A4898294166E700852EB5 /* Shapes */ = {
			isa = PBXGroup;
			children = (
				4F9A4899294166F800852EB5 /* RightTriangle.swift */,
			);
			path = Shapes;
			sourceTree = "<group>";
		};
		4F9A489B29416C1800852EB5 /* Gesture_GUI */ = {
			isa = PBXGroup;
			children = (
				4F9A489F29426EAB00852EB5 /* Subviews */,
				4F9A489D29416C6D00852EB5 /* Gesture_GUI.swift */,
			);
			path = Gesture_GUI;
			sourceTree = "<group>";
		};
		4F9A489F29426EAB00852EB5 /* Subviews */ = {
			isa = PBXGroup;
			children = (
				4F9A48A029426ED500852EB5 /* GestureVolumeSlider.swift */,
			);
			path = Subviews;
			sourceTree = "<group>";
		};
		4FCD439A29144F45001E7FCC /* Notes */ = {
			isa = PBXGroup;
			children = (
				4FD5045C293A98F900B9C76F /* TODO.md */,
			);
			path = Notes;
			sourceTree = "<group>";
		};
		4FCD44242915B9CC001E7FCC /* Extensions */ = {
			isa = PBXGroup;
			children = (
				4FCD44222915B965001E7FCC /* Metadata.swift */,
				4FCD44202915B8C4001E7FCC /* MediaControls.swift */,
				4FCD441A29149151001E7FCC /* Manager+Debug.swift */,
				4FCD44252915BB04001E7FCC /* InitMethods.swift */,
				4FECA26F2922B758003EA394 /* CategoryMethods.swift */,
				4FECA3E3293951CB003EA394 /* FileManagement.swift */,
			);
			path = Extensions;
			sourceTree = "<group>";
		};
		4FEC954F291AC65C003EA394 /* Subviews */ = {
			isa = PBXGroup;
			children = (
				4FCD441C29157E65001E7FCC /* SongListItem.swift */,
				4FEC9550291AC6C1003EA394 /* CurrentSongBar.swift */,
				4FECA2712922B79C003EA394 /* CategoryView.swift */,
				4FECA2772922D03B003EA394 /* GridMenu.swift */,
				4FECA27B2922D8A8003EA394 /* AlbumListItem.swift */,
				4FECA27F2922E016003EA394 /* ArtistListItem.swift */,
			);
			path = Subviews;
			sourceTree = "<group>";
		};
		4FECA3F729395D46003EA394 /* Storage */ = {
			isa = PBXGroup;
			children = (
				4FECA3F829395D4F003EA394 /* StorageManager.swift */,
				4FECA3FA29395D58003EA394 /* FileInfo.swift */,
			);
			path = Storage;
			sourceTree = "<group>";
		};
/* End PBXGroup section */

/* Begin PBXNativeTarget section */
		4F597D1D2911A14F00BC1046 /* Boomic */ = {
			isa = PBXNativeTarget;
			buildConfigurationList = 4F597D422911A15000BC1046 /* Build configuration list for PBXNativeTarget "Boomic" */;
			buildPhases = (
				4F597D1A2911A14F00BC1046 /* Sources */,
				4F597D1B2911A14F00BC1046 /* Frameworks */,
				4F597D1C2911A14F00BC1046 /* Resources */,
			);
			buildRules = (
			);
			dependencies = (
			);
			name = Boomic;
			productName = Boomic;
			productReference = 4F597D1E2911A14F00BC1046 /* Boomic.app */;
			productType = "com.apple.product-type.application";
		};
		4F597D2D2911A15000BC1046 /* BoomicTests */ = {
			isa = PBXNativeTarget;
			buildConfigurationList = 4F597D452911A15000BC1046 /* Build configuration list for PBXNativeTarget "BoomicTests" */;
			buildPhases = (
				4F597D2A2911A15000BC1046 /* Sources */,
				4F597D2B2911A15000BC1046 /* Frameworks */,
				4F597D2C2911A15000BC1046 /* Resources */,
			);
			buildRules = (
			);
			dependencies = (
				4F597D302911A15000BC1046 /* PBXTargetDependency */,
			);
			name = BoomicTests;
			productName = BoomicTests;
			productReference = 4F597D2E2911A15000BC1046 /* BoomicTests.xctest */;
			productType = "com.apple.product-type.bundle.unit-test";
		};
		4F597D372911A15000BC1046 /* BoomicUITests */ = {
			isa = PBXNativeTarget;
			buildConfigurationList = 4F597D482911A15000BC1046 /* Build configuration list for PBXNativeTarget "BoomicUITests" */;
			buildPhases = (
				4F597D342911A15000BC1046 /* Sources */,
				4F597D352911A15000BC1046 /* Frameworks */,
				4F597D362911A15000BC1046 /* Resources */,
			);
			buildRules = (
			);
			dependencies = (
				4F597D3A2911A15000BC1046 /* PBXTargetDependency */,
			);
			name = BoomicUITests;
			productName = BoomicUITests;
			productReference = 4F597D382911A15000BC1046 /* BoomicUITests.xctest */;
			productType = "com.apple.product-type.bundle.ui-testing";
		};
/* End PBXNativeTarget section */

/* Begin PBXProject section */
		4F597D162911A14F00BC1046 /* Project object */ = {
			isa = PBXProject;
			attributes = {
				BuildIndependentTargetsInParallel = 1;
				LastSwiftUpdateCheck = 1400;
				LastUpgradeCheck = 1400;
				TargetAttributes = {
					4F597D1D2911A14F00BC1046 = {
						CreatedOnToolsVersion = 14.0.1;
					};
					4F597D2D2911A15000BC1046 = {
						CreatedOnToolsVersion = 14.0.1;
						TestTargetID = 4F597D1D2911A14F00BC1046;
					};
					4F597D372911A15000BC1046 = {
						CreatedOnToolsVersion = 14.0.1;
						TestTargetID = 4F597D1D2911A14F00BC1046;
					};
				};
			};
			buildConfigurationList = 4F597D192911A14F00BC1046 /* Build configuration list for PBXProject "Boomic" */;
			compatibilityVersion = "Xcode 14.0";
			developmentRegion = en;
			hasScannedForEncodings = 0;
			knownRegions = (
				en,
				Base,
			);
			mainGroup = 4F597D152911A14F00BC1046;
			productRefGroup = 4F597D1F2911A14F00BC1046 /* Products */;
			projectDirPath = "";
			projectRoot = "";
			targets = (
				4F597D1D2911A14F00BC1046 /* Boomic */,
				4F597D2D2911A15000BC1046 /* BoomicTests */,
				4F597D372911A15000BC1046 /* BoomicUITests */,
			);
		};
/* End PBXProject section */

/* Begin PBXResourcesBuildPhase section */
		4F597D1C2911A14F00BC1046 /* Resources */ = {
			isa = PBXResourcesBuildPhase;
			buildActionMask = 2147483647;
			files = (
				4F597D292911A15000BC1046 /* Preview Assets.xcassets in Resources */,
				4F597D262911A15000BC1046 /* Assets.xcassets in Resources */,
			);
			runOnlyForDeploymentPostprocessing = 0;
		};
		4F597D2C2911A15000BC1046 /* Resources */ = {
			isa = PBXResourcesBuildPhase;
			buildActionMask = 2147483647;
			files = (
			);
			runOnlyForDeploymentPostprocessing = 0;
		};
		4F597D362911A15000BC1046 /* Resources */ = {
			isa = PBXResourcesBuildPhase;
			buildActionMask = 2147483647;
			files = (
			);
			runOnlyForDeploymentPostprocessing = 0;
		};
/* End PBXResourcesBuildPhase section */

/* Begin PBXSourcesBuildPhase section */
		4F597D1A2911A14F00BC1046 /* Sources */ = {
			isa = PBXSourcesBuildPhase;
			buildActionMask = 2147483647;
			files = (
				4F597D5D2911A8F800BC1046 /* Song.swift in Sources */,
				4F597D5B2911A74100BC1046 /* ViewConstants.swift in Sources */,
				4FCD44262915BB04001E7FCC /* InitMethods.swift in Sources */,
				4FD5045E293AB2F000B9C76F /* GesturedAlbumCover.swift in Sources */,
				4FCD441F29158EE6001E7FCC /* ClassicTimeSlider.swift in Sources */,
				4FEC9553291B2273003EA394 /* ImageBlurBackground.swift in Sources */,
				4F597D682912EF6C00BC1046 /* ClassicTitles.swift in Sources */,
				4FCD441B29149151001E7FCC /* Manager+Debug.swift in Sources */,
				4FECA3F929395D4F003EA394 /* StorageManager.swift in Sources */,
				4FECA27A2922D3DC003EA394 /* ContainerProtocol.swift in Sources */,
				4FECA2802922E016003EA394 /* ArtistListItem.swift in Sources */,
				4F597D612912E0C500BC1046 /* BoomicManager.swift in Sources */,
				4FCD44212915B8C4001E7FCC /* MediaControls.swift in Sources */,
				4FEC954E291A18A7003EA394 /* ClassicQueueControls.swift in Sources */,
				4F597D642912E97900BC1046 /* ClassicVolumeSlider.swift in Sources */,
				4FEC9551291AC6C1003EA394 /* CurrentSongBar.swift in Sources */,
				4FECA27E2922DBD5003EA394 /* AlbumListView.swift in Sources */,
				4FCD439E29145065001E7FCC /* Artist.swift in Sources */,
				4F597D502911A1CE00BC1046 /* MainView.swift in Sources */,
				4FA699A7294278C80086EEBD /* BoomicError.swift in Sources */,
				4F597D222911A14F00BC1046 /* BoomicApp.swift in Sources */,
				4FECA2742922C024003EA394 /* ImageSource.swift in Sources */,
				4FECA3E4293951CB003EA394 /* FileManagement.swift in Sources */,
				4F6A170029465FBA00282EF0 /* PlayButton.swift in Sources */,
				4F597E65291323E700BC1046 /* SongListView.swift in Sources */,
				4FECA27C2922D8A8003EA394 /* AlbumListItem.swift in Sources */,
				4FCD44232915B965001E7FCC /* Metadata.swift in Sources */,
				4FECA2782922D03B003EA394 /* GridMenu.swift in Sources */,
				4FFDE8232945427A0046FB73 /* SettingsView.swift in Sources */,
				4F9A489A294166F800852EB5 /* RightTriangle.swift in Sources */,
				4FECA3E02937E5FB003EA394 /* Playlist.swift in Sources */,
				4F597D562911A28B00BC1046 /* ClassicSongView.swift in Sources */,
				4FECA3FB29395D58003EA394 /* FileInfo.swift in Sources */,
				4FEC954C291995A6003EA394 /* BoomicSlider.swift in Sources */,
				4F6A16FB29465B0400282EF0 /* CurrentSongView.swift in Sources */,
				4FEC9555291DBC42003EA394 /* CategoriesView.swift in Sources */,
				4F597D662912EC6100BC1046 /* ClassicMediaControls.swift in Sources */,
				4F597D592911A65100BC1046 /* StaticAlbumCover.swift in Sources */,
				4F597D5F2912E07900BC1046 /* BoomicLibrary.swift in Sources */,
				4FCD43A02914506E001E7FCC /* Album.swift in Sources */,
				4FECA2702922B758003EA394 /* CategoryMethods.swift in Sources */,
				4FECA2722922B79C003EA394 /* CategoryView.swift in Sources */,
				4F9A48A129426ED500852EB5 /* GestureVolumeSlider.swift in Sources */,
				4FFDE825294545740046FB73 /* BoomicSettings.swift in Sources */,
				4F9A489E29416C6D00852EB5 /* Gesture_GUI.swift in Sources */,
				4FCD441D29157E65001E7FCC /* SongListItem.swift in Sources */,
				4FECA2822922E09E003EA394 /* ArtistListView.swift in Sources */,
				4FECA289292AD3CA003EA394 /* QueueListView.swift in Sources */,
				4FECA26E29229CBB003EA394 /* Categories.swift in Sources */,
				4FFDE82729455FAA0046FB73 /* AlbumCover.swift in Sources */,
				4FA699A92942A8F90086EEBD /* ScrollingTimeView.swift in Sources */,
				4F6A17042946AC3D00282EF0 /* ShuffleButton.swift in Sources */,
				4F6A17062946AD8A00282EF0 /* RepeatButton.swift in Sources */,
			);
			runOnlyForDeploymentPostprocessing = 0;
		};
		4F597D2A2911A15000BC1046 /* Sources */ = {
			isa = PBXSourcesBuildPhase;
			buildActionMask = 2147483647;
			files = (
				4F597D332911A15000BC1046 /* BoomicTests.swift in Sources */,
			);
			runOnlyForDeploymentPostprocessing = 0;
		};
		4F597D342911A15000BC1046 /* Sources */ = {
			isa = PBXSourcesBuildPhase;
			buildActionMask = 2147483647;
			files = (
				4F597D3D2911A15000BC1046 /* BoomicUITests.swift in Sources */,
				4F597D3F2911A15000BC1046 /* BoomicUITestsLaunchTests.swift in Sources */,
			);
			runOnlyForDeploymentPostprocessing = 0;
		};
/* End PBXSourcesBuildPhase section */

/* Begin PBXTargetDependency section */
		4F597D302911A15000BC1046 /* PBXTargetDependency */ = {
			isa = PBXTargetDependency;
			target = 4F597D1D2911A14F00BC1046 /* Boomic */;
			targetProxy = 4F597D2F2911A15000BC1046 /* PBXContainerItemProxy */;
		};
		4F597D3A2911A15000BC1046 /* PBXTargetDependency */ = {
			isa = PBXTargetDependency;
			target = 4F597D1D2911A14F00BC1046 /* Boomic */;
			targetProxy = 4F597D392911A15000BC1046 /* PBXContainerItemProxy */;
		};
/* End PBXTargetDependency section */

/* Begin XCBuildConfiguration section */
		4F597D402911A15000BC1046 /* Debug */ = {
			isa = XCBuildConfiguration;
			buildSettings = {
				ALWAYS_SEARCH_USER_PATHS = NO;
				CLANG_ANALYZER_NONNULL = YES;
				CLANG_ANALYZER_NUMBER_OBJECT_CONVERSION = YES_AGGRESSIVE;
				CLANG_CXX_LANGUAGE_STANDARD = "gnu++20";
				CLANG_ENABLE_MODULES = YES;
				CLANG_ENABLE_OBJC_ARC = YES;
				CLANG_ENABLE_OBJC_WEAK = YES;
				CLANG_WARN_BLOCK_CAPTURE_AUTORELEASING = YES;
				CLANG_WARN_BOOL_CONVERSION = YES;
				CLANG_WARN_COMMA = YES;
				CLANG_WARN_CONSTANT_CONVERSION = YES;
				CLANG_WARN_DEPRECATED_OBJC_IMPLEMENTATIONS = YES;
				CLANG_WARN_DIRECT_OBJC_ISA_USAGE = YES_ERROR;
				CLANG_WARN_DOCUMENTATION_COMMENTS = YES;
				CLANG_WARN_EMPTY_BODY = YES;
				CLANG_WARN_ENUM_CONVERSION = YES;
				CLANG_WARN_INFINITE_RECURSION = YES;
				CLANG_WARN_INT_CONVERSION = YES;
				CLANG_WARN_NON_LITERAL_NULL_CONVERSION = YES;
				CLANG_WARN_OBJC_IMPLICIT_RETAIN_SELF = YES;
				CLANG_WARN_OBJC_LITERAL_CONVERSION = YES;
				CLANG_WARN_OBJC_ROOT_CLASS = YES_ERROR;
				CLANG_WARN_QUOTED_INCLUDE_IN_FRAMEWORK_HEADER = YES;
				CLANG_WARN_RANGE_LOOP_ANALYSIS = YES;
				CLANG_WARN_STRICT_PROTOTYPES = YES;
				CLANG_WARN_SUSPICIOUS_MOVE = YES;
				CLANG_WARN_UNGUARDED_AVAILABILITY = YES_AGGRESSIVE;
				CLANG_WARN_UNREACHABLE_CODE = YES;
				CLANG_WARN__DUPLICATE_METHOD_MATCH = YES;
				COPY_PHASE_STRIP = NO;
				DEBUG_INFORMATION_FORMAT = dwarf;
				ENABLE_STRICT_OBJC_MSGSEND = YES;
				ENABLE_TESTABILITY = YES;
				GCC_C_LANGUAGE_STANDARD = gnu11;
				GCC_DYNAMIC_NO_PIC = NO;
				GCC_NO_COMMON_BLOCKS = YES;
				GCC_OPTIMIZATION_LEVEL = 0;
				GCC_PREPROCESSOR_DEFINITIONS = (
					"DEBUG=1",
					"$(inherited)",
				);
				GCC_WARN_64_TO_32_BIT_CONVERSION = YES;
				GCC_WARN_ABOUT_RETURN_TYPE = YES_ERROR;
				GCC_WARN_UNDECLARED_SELECTOR = YES;
				GCC_WARN_UNINITIALIZED_AUTOS = YES_AGGRESSIVE;
				GCC_WARN_UNUSED_FUNCTION = YES;
				GCC_WARN_UNUSED_VARIABLE = YES;
				IPHONEOS_DEPLOYMENT_TARGET = 16.0;
				MTL_ENABLE_DEBUG_INFO = INCLUDE_SOURCE;
				MTL_FAST_MATH = YES;
				ONLY_ACTIVE_ARCH = YES;
				SDKROOT = iphoneos;
				SWIFT_ACTIVE_COMPILATION_CONDITIONS = DEBUG;
				SWIFT_OPTIMIZATION_LEVEL = "-Onone";
			};
			name = Debug;
		};
		4F597D412911A15000BC1046 /* Release */ = {
			isa = XCBuildConfiguration;
			buildSettings = {
				ALWAYS_SEARCH_USER_PATHS = NO;
				CLANG_ANALYZER_NONNULL = YES;
				CLANG_ANALYZER_NUMBER_OBJECT_CONVERSION = YES_AGGRESSIVE;
				CLANG_CXX_LANGUAGE_STANDARD = "gnu++20";
				CLANG_ENABLE_MODULES = YES;
				CLANG_ENABLE_OBJC_ARC = YES;
				CLANG_ENABLE_OBJC_WEAK = YES;
				CLANG_WARN_BLOCK_CAPTURE_AUTORELEASING = YES;
				CLANG_WARN_BOOL_CONVERSION = YES;
				CLANG_WARN_COMMA = YES;
				CLANG_WARN_CONSTANT_CONVERSION = YES;
				CLANG_WARN_DEPRECATED_OBJC_IMPLEMENTATIONS = YES;
				CLANG_WARN_DIRECT_OBJC_ISA_USAGE = YES_ERROR;
				CLANG_WARN_DOCUMENTATION_COMMENTS = YES;
				CLANG_WARN_EMPTY_BODY = YES;
				CLANG_WARN_ENUM_CONVERSION = YES;
				CLANG_WARN_INFINITE_RECURSION = YES;
				CLANG_WARN_INT_CONVERSION = YES;
				CLANG_WARN_NON_LITERAL_NULL_CONVERSION = YES;
				CLANG_WARN_OBJC_IMPLICIT_RETAIN_SELF = YES;
				CLANG_WARN_OBJC_LITERAL_CONVERSION = YES;
				CLANG_WARN_OBJC_ROOT_CLASS = YES_ERROR;
				CLANG_WARN_QUOTED_INCLUDE_IN_FRAMEWORK_HEADER = YES;
				CLANG_WARN_RANGE_LOOP_ANALYSIS = YES;
				CLANG_WARN_STRICT_PROTOTYPES = YES;
				CLANG_WARN_SUSPICIOUS_MOVE = YES;
				CLANG_WARN_UNGUARDED_AVAILABILITY = YES_AGGRESSIVE;
				CLANG_WARN_UNREACHABLE_CODE = YES;
				CLANG_WARN__DUPLICATE_METHOD_MATCH = YES;
				COPY_PHASE_STRIP = NO;
				DEBUG_INFORMATION_FORMAT = "dwarf-with-dsym";
				ENABLE_NS_ASSERTIONS = NO;
				ENABLE_STRICT_OBJC_MSGSEND = YES;
				GCC_C_LANGUAGE_STANDARD = gnu11;
				GCC_NO_COMMON_BLOCKS = YES;
				GCC_WARN_64_TO_32_BIT_CONVERSION = YES;
				GCC_WARN_ABOUT_RETURN_TYPE = YES_ERROR;
				GCC_WARN_UNDECLARED_SELECTOR = YES;
				GCC_WARN_UNINITIALIZED_AUTOS = YES_AGGRESSIVE;
				GCC_WARN_UNUSED_FUNCTION = YES;
				GCC_WARN_UNUSED_VARIABLE = YES;
				IPHONEOS_DEPLOYMENT_TARGET = 16.0;
				MTL_ENABLE_DEBUG_INFO = NO;
				MTL_FAST_MATH = YES;
				SDKROOT = iphoneos;
				SWIFT_COMPILATION_MODE = wholemodule;
				SWIFT_OPTIMIZATION_LEVEL = "-O";
				VALIDATE_PRODUCT = YES;
			};
			name = Release;
		};
		4F597D432911A15000BC1046 /* Debug */ = {
			isa = XCBuildConfiguration;
			buildSettings = {
				ASSETCATALOG_COMPILER_APPICON_NAME = AppIcon;
				ASSETCATALOG_COMPILER_GLOBAL_ACCENT_COLOR_NAME = AccentColor;
				CODE_SIGN_STYLE = Automatic;
				CURRENT_PROJECT_VERSION = 1;
				DEVELOPMENT_ASSET_PATHS = "\"Boomic/Preview Content\"";
				DEVELOPMENT_TEAM = Q9B7SPU3TM;
				ENABLE_PREVIEWS = YES;
				GENERATE_INFOPLIST_FILE = YES;
				INFOPLIST_FILE = Boomic/Info.plist;
				INFOPLIST_KEY_LSSupportsOpeningDocumentsInPlace = YES;
				INFOPLIST_KEY_NSAppleMusicUsageDescription = "Boomic needs permission to access your Apple music library";
				INFOPLIST_KEY_UIApplicationSceneManifest_Generation = YES;
				INFOPLIST_KEY_UIApplicationSupportsIndirectInputEvents = YES;
				INFOPLIST_KEY_UILaunchScreen_Generation = YES;
				INFOPLIST_KEY_UISupportedInterfaceOrientations_iPad = "UIInterfaceOrientationPortrait UIInterfaceOrientationPortraitUpsideDown UIInterfaceOrientationLandscapeLeft UIInterfaceOrientationLandscapeRight";
				INFOPLIST_KEY_UISupportedInterfaceOrientations_iPhone = UIInterfaceOrientationPortrait;
				LD_RUNPATH_SEARCH_PATHS = (
					"$(inherited)",
					"@executable_path/Frameworks",
				);
				MARKETING_VERSION = 1.0;
				PRODUCT_BUNDLE_IDENTIFIER = edu.psu.krk252.Boomic;
				PRODUCT_NAME = "$(TARGET_NAME)";
				SWIFT_EMIT_LOC_STRINGS = YES;
				SWIFT_VERSION = 5.0;
				TARGETED_DEVICE_FAMILY = "1,2";
			};
			name = Debug;
		};
		4F597D442911A15000BC1046 /* Release */ = {
			isa = XCBuildConfiguration;
			buildSettings = {
				ASSETCATALOG_COMPILER_APPICON_NAME = AppIcon;
				ASSETCATALOG_COMPILER_GLOBAL_ACCENT_COLOR_NAME = AccentColor;
				CODE_SIGN_STYLE = Automatic;
				CURRENT_PROJECT_VERSION = 1;
				DEVELOPMENT_ASSET_PATHS = "\"Boomic/Preview Content\"";
				DEVELOPMENT_TEAM = Q9B7SPU3TM;
				ENABLE_PREVIEWS = YES;
				GENERATE_INFOPLIST_FILE = YES;
				INFOPLIST_FILE = Boomic/Info.plist;
				INFOPLIST_KEY_LSSupportsOpeningDocumentsInPlace = YES;
				INFOPLIST_KEY_NSAppleMusicUsageDescription = "Boomic needs permission to access your Apple music library";
				INFOPLIST_KEY_UIApplicationSceneManifest_Generation = YES;
				INFOPLIST_KEY_UIApplicationSupportsIndirectInputEvents = YES;
				INFOPLIST_KEY_UILaunchScreen_Generation = YES;
				INFOPLIST_KEY_UISupportedInterfaceOrientations_iPad = "UIInterfaceOrientationPortrait UIInterfaceOrientationPortraitUpsideDown UIInterfaceOrientationLandscapeLeft UIInterfaceOrientationLandscapeRight";
				INFOPLIST_KEY_UISupportedInterfaceOrientations_iPhone = UIInterfaceOrientationPortrait;
				LD_RUNPATH_SEARCH_PATHS = (
					"$(inherited)",
					"@executable_path/Frameworks",
				);
				MARKETING_VERSION = 1.0;
				PRODUCT_BUNDLE_IDENTIFIER = edu.psu.krk252.Boomic;
				PRODUCT_NAME = "$(TARGET_NAME)";
				SWIFT_EMIT_LOC_STRINGS = YES;
				SWIFT_VERSION = 5.0;
				TARGETED_DEVICE_FAMILY = "1,2";
			};
			name = Release;
		};
		4F597D462911A15000BC1046 /* Debug */ = {
			isa = XCBuildConfiguration;
			buildSettings = {
				ALWAYS_EMBED_SWIFT_STANDARD_LIBRARIES = YES;
				BUNDLE_LOADER = "$(TEST_HOST)";
				CODE_SIGN_STYLE = Automatic;
				CURRENT_PROJECT_VERSION = 1;
				DEVELOPMENT_TEAM = Q9B7SPU3TM;
				GENERATE_INFOPLIST_FILE = YES;
				IPHONEOS_DEPLOYMENT_TARGET = 16.0;
				MARKETING_VERSION = 1.0;
				PRODUCT_BUNDLE_IDENTIFIER = edu.psu.krk252.BoomicTests;
				PRODUCT_NAME = "$(TARGET_NAME)";
				SWIFT_EMIT_LOC_STRINGS = NO;
				SWIFT_VERSION = 5.0;
				TARGETED_DEVICE_FAMILY = "1,2";
				TEST_HOST = "$(BUILT_PRODUCTS_DIR)/Boomic.app/$(BUNDLE_EXECUTABLE_FOLDER_PATH)/Boomic";
			};
			name = Debug;
		};
		4F597D472911A15000BC1046 /* Release */ = {
			isa = XCBuildConfiguration;
			buildSettings = {
				ALWAYS_EMBED_SWIFT_STANDARD_LIBRARIES = YES;
				BUNDLE_LOADER = "$(TEST_HOST)";
				CODE_SIGN_STYLE = Automatic;
				CURRENT_PROJECT_VERSION = 1;
				DEVELOPMENT_TEAM = Q9B7SPU3TM;
				GENERATE_INFOPLIST_FILE = YES;
				IPHONEOS_DEPLOYMENT_TARGET = 16.0;
				MARKETING_VERSION = 1.0;
				PRODUCT_BUNDLE_IDENTIFIER = edu.psu.krk252.BoomicTests;
				PRODUCT_NAME = "$(TARGET_NAME)";
				SWIFT_EMIT_LOC_STRINGS = NO;
				SWIFT_VERSION = 5.0;
				TARGETED_DEVICE_FAMILY = "1,2";
				TEST_HOST = "$(BUILT_PRODUCTS_DIR)/Boomic.app/$(BUNDLE_EXECUTABLE_FOLDER_PATH)/Boomic";
			};
			name = Release;
		};
		4F597D492911A15000BC1046 /* Debug */ = {
			isa = XCBuildConfiguration;
			buildSettings = {
				ALWAYS_EMBED_SWIFT_STANDARD_LIBRARIES = YES;
				CODE_SIGN_STYLE = Automatic;
				CURRENT_PROJECT_VERSION = 1;
				DEVELOPMENT_TEAM = Q9B7SPU3TM;
				GENERATE_INFOPLIST_FILE = YES;
				MARKETING_VERSION = 1.0;
				PRODUCT_BUNDLE_IDENTIFIER = edu.psu.krk252.BoomicUITests;
				PRODUCT_NAME = "$(TARGET_NAME)";
				SWIFT_EMIT_LOC_STRINGS = NO;
				SWIFT_VERSION = 5.0;
				TARGETED_DEVICE_FAMILY = "1,2";
				TEST_TARGET_NAME = Boomic;
			};
			name = Debug;
		};
		4F597D4A2911A15000BC1046 /* Release */ = {
			isa = XCBuildConfiguration;
			buildSettings = {
				ALWAYS_EMBED_SWIFT_STANDARD_LIBRARIES = YES;
				CODE_SIGN_STYLE = Automatic;
				CURRENT_PROJECT_VERSION = 1;
				DEVELOPMENT_TEAM = Q9B7SPU3TM;
				GENERATE_INFOPLIST_FILE = YES;
				MARKETING_VERSION = 1.0;
				PRODUCT_BUNDLE_IDENTIFIER = edu.psu.krk252.BoomicUITests;
				PRODUCT_NAME = "$(TARGET_NAME)";
				SWIFT_EMIT_LOC_STRINGS = NO;
				SWIFT_VERSION = 5.0;
				TARGETED_DEVICE_FAMILY = "1,2";
				TEST_TARGET_NAME = Boomic;
			};
			name = Release;
		};
/* End XCBuildConfiguration section */

/* Begin XCConfigurationList section */
		4F597D192911A14F00BC1046 /* Build configuration list for PBXProject "Boomic" */ = {
			isa = XCConfigurationList;
			buildConfigurations = (
				4F597D402911A15000BC1046 /* Debug */,
				4F597D412911A15000BC1046 /* Release */,
			);
			defaultConfigurationIsVisible = 0;
			defaultConfigurationName = Release;
		};
		4F597D422911A15000BC1046 /* Build configuration list for PBXNativeTarget "Boomic" */ = {
			isa = XCConfigurationList;
			buildConfigurations = (
				4F597D432911A15000BC1046 /* Debug */,
				4F597D442911A15000BC1046 /* Release */,
			);
			defaultConfigurationIsVisible = 0;
			defaultConfigurationName = Release;
		};
		4F597D452911A15000BC1046 /* Build configuration list for PBXNativeTarget "BoomicTests" */ = {
			isa = XCConfigurationList;
			buildConfigurations = (
				4F597D462911A15000BC1046 /* Debug */,
				4F597D472911A15000BC1046 /* Release */,
			);
			defaultConfigurationIsVisible = 0;
			defaultConfigurationName = Release;
		};
		4F597D482911A15000BC1046 /* Build configuration list for PBXNativeTarget "BoomicUITests" */ = {
			isa = XCConfigurationList;
			buildConfigurations = (
				4F597D492911A15000BC1046 /* Debug */,
				4F597D4A2911A15000BC1046 /* Release */,
			);
			defaultConfigurationIsVisible = 0;
			defaultConfigurationName = Release;
		};
/* End XCConfigurationList section */
	};
	rootObject = 4F597D162911A14F00BC1046 /* Project object */;
}
